{
  "version": 4,
  "terraform_version": "1.5.7",
  "serial": 19,
  "lineage": "d4720848-7707-1cea-2ee0-5d189e0ff76d",
  "outputs": {
    "vm_public_ip": {
      "value": "104.45.82.46",
      "type": "string"
    }
  },
  "resources": [
    {
      "mode": "managed",
      "type": "azurerm_resource_group",
      "name": "rg",
      "provider": "provider[\"registry.terraform.io/hashicorp/azurerm\"]",
      "instances": [
        {
          "schema_version": 0,
          "attributes": {
            "id": "/subscriptions/d8469ee0-ecb0-4d5c-9771-552b86d5fb67/resourceGroups/rg-dev",
            "location": "eastus",
            "managed_by": "",
            "name": "rg-dev",
            "tags": null,
            "timeouts": null
          },
          "sensitive_attributes": [],
          "private": "eyJlMmJmYjczMC1lY2FhLTExZTYtOGY4OC0zNDM2M2JjN2M0YzAiOnsiY3JlYXRlIjo1NDAwMDAwMDAwMDAwLCJkZWxldGUiOjU0MDAwMDAwMDAwMDAsInJlYWQiOjMwMDAwMDAwMDAwMCwidXBkYXRlIjo1NDAwMDAwMDAwMDAwfX0="
        }
      ]
    }
  ],
  "check_results": null
}
