{
  "version": 4,
  "terraform_version": "1.5.7",
  "serial": 25,
  "lineage": "d4720848-7707-1cea-2ee0-5d189e0ff76d",
  "outputs": {
    "vm_public_ip": {
      "value": "52.255.204.146",
      "type": "string"
    }
  },
  "resources": [
    {
      "mode": "managed",
      "type": "azurerm_resource_group",
      "name": "rg",
      "provider": "provider[\"registry.terraform.io/hashicorp/azurerm\"]",
      "instances": [
        {
          "schema_version": 0,
          "attributes": {
            "id": "/subscriptions/d8469ee0-ecb0-4d5c-9771-552b86d5fb67/resourceGroups/rg-dev",
            "location": "eastus",
            "managed_by": "",
            "name": "rg-dev",
            "tags": {},
            "timeouts": null
          },
          "sensitive_attributes": [],
          "private": "eyJlMmJmYjczMC1lY2FhLTExZTYtOGY4OC0zNDM2M2JjN2M0YzAiOnsiY3JlYXRlIjo1NDAwMDAwMDAwMDAwLCJkZWxldGUiOjU0MDAwMDAwMDAwMDAsInJlYWQiOjMwMDAwMDAwMDAwMCwidXBkYXRlIjo1NDAwMDAwMDAwMDAwfX0="
        }
      ]
    },
    {
      "module": "module.network",
      "mode": "managed",
      "type": "azurerm_subnet",
      "name": "subnet",
      "provider": "provider[\"registry.terraform.io/hashicorp/azurerm\"]",
      "instances": [
        {
          "schema_version": 0,
          "attributes": {
            "address_prefixes": [
              "10.10.1.0/24"
            ],
            "default_outbound_access_enabled": true,
            "delegation": [],
            "id": "/subscriptions/d8469ee0-ecb0-4d5c-9771-552b86d5fb67/resourceGroups/rg-dev/providers/Microsoft.Network/virtualNetworks/vnet-dev/subnets/subnet-dev",
            "name": "subnet-dev",
            "private_endpoint_network_policies": "Disabled",
            "private_link_service_network_policies_enabled": true,
            "resource_group_name": "rg-dev",
            "service_endpoint_policy_ids": null,
            "service_endpoints": null,
            "timeouts": null,
            "virtual_network_name": "vnet-dev"
          },
          "sensitive_attributes": [],
          "private": "eyJlMmJmYjczMC1lY2FhLTExZTYtOGY4OC0zNDM2M2JjN2M0YzAiOnsiY3JlYXRlIjoxODAwMDAwMDAwMDAwLCJkZWxldGUiOjE4MDAwMDAwMDAwMDAsInJlYWQiOjMwMDAwMDAwMDAwMCwidXBkYXRlIjoxODAwMDAwMDAwMDAwfX0=",
          "dependencies": [
            "module.network.azurerm_virtual_network.vnet"
          ]
        }
      ]
    },
    {
      "module": "module.network",
      "mode": "managed",
      "type": "azurerm_virtual_network",
      "name": "vnet",
      "provider": "provider[\"registry.terraform.io/hashicorp/azurerm\"]",
      "instances": [
        {
          "schema_version": 0,
          "attributes": {
            "address_space": [
              "10.10.0.0/16"
            ],
            "bgp_community": "",
            "ddos_protection_plan": [],
            "dns_servers": [],
            "edge_zone": "",
            "encryption": [],
            "flow_timeout_in_minutes": 0,
            "guid": "5a06d8c9-a888-4a31-a847-cc714651d249",
            "id": "/subscriptions/d8469ee0-ecb0-4d5c-9771-552b86d5fb67/resourceGroups/rg-dev/providers/Microsoft.Network/virtualNetworks/vnet-dev",
            "location": "eastus",
            "name": "vnet-dev",
            "private_endpoint_vnet_policies": "Disabled",
            "resource_group_name": "rg-dev",
            "subnet": [],
            "tags": null,
            "timeouts": null
          },
          "sensitive_attributes": [],
          "private": "eyJlMmJmYjczMC1lY2FhLTExZTYtOGY4OC0zNDM2M2JjN2M0YzAiOnsiY3JlYXRlIjoxODAwMDAwMDAwMDAwLCJkZWxldGUiOjE4MDAwMDAwMDAwMDAsInJlYWQiOjMwMDAwMDAwMDAwMCwidXBkYXRlIjoxODAwMDAwMDAwMDAwfX0="
        }
      ]
    },
    {
      "module": "module.vm",
      "mode": "managed",
      "type": "azurerm_linux_virtual_machine",
      "name": "vm",
      "provider": "provider[\"registry.terraform.io/hashicorp/azurerm\"]",
      "instances": [
        {
          "schema_version": 0,
          "attributes": {
            "additional_capabilities": [],
            "admin_password": null,
            "admin_ssh_key": [
              {
                "public_key": "ssh-rsa AAAAB3NzaC1yc2EAAAADAQABAAACAQDgIrxL+pgvPRo8Jx2P38V9yxBGMWn8QEfzoIP3MaDsctyf58y4pCLdP0kSX48SiUzpor3aWnbgH/m5nPRnFdtPqlrUThbYs9hfMy3Jo3KVqrN0rP8ZMHZDpXKlrAfXxQYcPl5IXhd+LkrQucdDQfFOoD7H2nR1fDNx5DqcVRiQoojzBNw5PPE8mGOpXh1rhQOY6+j3Yt+RtTiwgofiMoMHPKVNOSCUntUEMS9bq0rA1i+U41zMX+v7jaRzVt8t8uDOQX45caiZvFDQ76QkllZkxap0Es9jbMfgB2PYBMaRQ1tlpyjNBCRKo9iUwGa06+/ty8TTmDeDkZ+hvsD0Jz32o9UF0HWhWatQa4g3iT95tvwR5M0dZYgFvuCrla1EQVLuhXSTuE3CSFAJE58Gz11IojwgPrdFbZf6zqZI1Y5dD8c7zs00IbTm8B3PQDOSyITIfY2LeEWdqDtXLcnY1TqU2F0mgjfUrALcJTfxRgfBVlJvMMonw0OE+fZVKPZrnj2210EmqIbYfOOUzOONNw6o7bB3qqZuRRyln5rrYW7wIu/9/Ndhl3Vt1KvApy35fROZX2i3Cn2BCEurp+TAFpEUapS4voU5rvtmxav7ZkRREbgmSs0OgSTKrh62UtvtsEekDoGmeDal0n2cY+L2tvChwGaNzN0C0qHjkooetwL+7w== azureuser@terraform",
                "username": "azureuser"
              }
            ],
            "admin_username": "azureuser",
            "allow_extension_operations": true,
            "availability_set_id": "",
            "boot_diagnostics": [],
            "bypass_platform_safety_checks_on_user_schedule_enabled": false,
            "capacity_reservation_group_id": "",
            "computer_name": "vm-dev",
            "custom_data": null,
            "dedicated_host_group_id": "",
            "dedicated_host_id": "",
            "disable_password_authentication": true,
            "disk_controller_type": "",
            "edge_zone": "",
            "encryption_at_host_enabled": false,
            "eviction_policy": "",
            "extensions_time_budget": "PT1H30M",
            "gallery_application": [],
            "id": "/subscriptions/d8469ee0-ecb0-4d5c-9771-552b86d5fb67/resourceGroups/rg-dev/providers/Microsoft.Compute/virtualMachines/vm-dev",
            "identity": [],
            "license_type": "",
            "location": "eastus",
            "max_bid_price": -1,
            "name": "vm-dev",
            "network_interface_ids": [
              "/subscriptions/d8469ee0-ecb0-4d5c-9771-552b86d5fb67/resourceGroups/rg-dev/providers/Microsoft.Network/networkInterfaces/vm-dev-nic"
            ],
            "os_disk": [
              {
                "caching": "ReadWrite",
                "diff_disk_settings": [],
                "disk_encryption_set_id": "",
                "disk_size_gb": 30,
                "id": "/subscriptions/d8469ee0-ecb0-4d5c-9771-552b86d5fb67/resourceGroups/rg-dev/providers/Microsoft.Compute/disks/vm-dev-osdisk",
                "name": "vm-dev-osdisk",
                "secure_vm_disk_encryption_set_id": "",
                "security_encryption_type": "",
                "storage_account_type": "Standard_LRS",
                "write_accelerator_enabled": false
              }
            ],
            "os_image_notification": [],
            "patch_assessment_mode": "ImageDefault",
            "patch_mode": "ImageDefault",
            "plan": [],
            "platform_fault_domain": -1,
            "priority": "Regular",
            "private_ip_address": "10.10.1.4",
            "private_ip_addresses": [
              "10.10.1.4"
            ],
            "provision_vm_agent": true,
            "proximity_placement_group_id": "",
            "public_ip_address": "52.255.204.146",
            "public_ip_addresses": [
              "52.255.204.146"
            ],
            "reboot_setting": "",
            "resource_group_name": "rg-dev",
            "secret": [],
            "secure_boot_enabled": false,
            "size": "Standard_B1s",
            "source_image_id": "",
            "source_image_reference": [
              {
                "offer": "0001-com-ubuntu-server-focal",
                "publisher": "Canonical",
                "sku": "20_04-lts",
                "version": "latest"
              }
            ],
            "tags": null,
            "termination_notification": null,
            "timeouts": null,
            "user_data": "",
            "virtual_machine_id": "0d5d9b32-351d-48c1-99c0-6030aba62af5",
            "virtual_machine_scale_set_id": "",
            "vm_agent_platform_updates_enabled": false,
            "vtpm_enabled": false,
            "zone": ""
          },
          "sensitive_attributes": [],
          "private": "eyJlMmJmYjczMC1lY2FhLTExZTYtOGY4OC0zNDM2M2JjN2M0YzAiOnsiY3JlYXRlIjoyNzAwMDAwMDAwMDAwLCJkZWxldGUiOjI3MDAwMDAwMDAwMDAsInJlYWQiOjMwMDAwMDAwMDAwMCwidXBkYXRlIjoyNzAwMDAwMDAwMDAwfX0=",
          "dependencies": [
            "module.network.azurerm_subnet.subnet",
            "module.network.azurerm_virtual_network.vnet",
            "module.vm.azurerm_network_interface.nic",
            "module.vm.azurerm_public_ip.pip"
          ]
        }
      ]
    },
    {
      "module": "module.vm",
      "mode": "managed",
      "type": "azurerm_network_interface",
      "name": "nic",
      "provider": "provider[\"registry.terraform.io/hashicorp/azurerm\"]",
      "instances": [
        {
          "schema_version": 0,
          "attributes": {
            "accelerated_networking_enabled": false,
            "applied_dns_servers": [],
            "auxiliary_mode": "",
            "auxiliary_sku": "",
            "dns_servers": null,
            "edge_zone": "",
            "id": "/subscriptions/d8469ee0-ecb0-4d5c-9771-552b86d5fb67/resourceGroups/rg-dev/providers/Microsoft.Network/networkInterfaces/vm-dev-nic",
            "internal_dns_name_label": "",
            "internal_domain_name_suffix": "zhmamwuivayuvkchzryumuosjb.bx.internal.cloudapp.net",
            "ip_configuration": [
              {
                "gateway_load_balancer_frontend_ip_configuration_id": "",
                "name": "ipconfig",
                "primary": true,
                "private_ip_address": "10.10.1.4",
                "private_ip_address_allocation": "Dynamic",
                "private_ip_address_version": "IPv4",
                "public_ip_address_id": "/subscriptions/d8469ee0-ecb0-4d5c-9771-552b86d5fb67/resourceGroups/rg-dev/providers/Microsoft.Network/publicIPAddresses/vm-dev-pip",
                "subnet_id": "/subscriptions/d8469ee0-ecb0-4d5c-9771-552b86d5fb67/resourceGroups/rg-dev/providers/Microsoft.Network/virtualNetworks/vnet-dev/subnets/subnet-dev"
              }
            ],
            "ip_forwarding_enabled": false,
            "location": "eastus",
            "mac_address": "",
            "name": "vm-dev-nic",
            "private_ip_address": "10.10.1.4",
            "private_ip_addresses": [
              "10.10.1.4"
            ],
            "resource_group_name": "rg-dev",
            "tags": null,
            "timeouts": null,
            "virtual_machine_id": ""
          },
          "sensitive_attributes": [],
          "private": "eyJlMmJmYjczMC1lY2FhLTExZTYtOGY4OC0zNDM2M2JjN2M0YzAiOnsiY3JlYXRlIjoxODAwMDAwMDAwMDAwLCJkZWxldGUiOjE4MDAwMDAwMDAwMDAsInJlYWQiOjMwMDAwMDAwMDAwMCwidXBkYXRlIjoxODAwMDAwMDAwMDAwfX0=",
          "dependencies": [
            "module.network.azurerm_subnet.subnet",
            "module.network.azurerm_virtual_network.vnet",
            "module.vm.azurerm_public_ip.pip"
          ]
        }
      ]
    },
    {
      "module": "module.vm",
      "mode": "managed",
      "type": "azurerm_public_ip",
      "name": "pip",
      "provider": "provider[\"registry.terraform.io/hashicorp/azurerm\"]",
      "instances": [
        {
          "schema_version": 0,
          "attributes": {
            "allocation_method": "Static",
            "ddos_protection_mode": "VirtualNetworkInherited",
            "ddos_protection_plan_id": null,
            "domain_name_label": null,
            "domain_name_label_scope": null,
            "edge_zone": "",
            "fqdn": null,
            "id": "/subscriptions/d8469ee0-ecb0-4d5c-9771-552b86d5fb67/resourceGroups/rg-dev/providers/Microsoft.Network/publicIPAddresses/vm-dev-pip",
            "idle_timeout_in_minutes": 4,
            "ip_address": "52.255.204.146",
            "ip_tags": null,
            "ip_version": "IPv4",
            "location": "eastus",
            "name": "vm-dev-pip",
            "public_ip_prefix_id": null,
            "resource_group_name": "rg-dev",
            "reverse_fqdn": null,
            "sku": "Standard",
            "sku_tier": "Regional",
            "tags": null,
            "timeouts": null,
            "zones": null
          },
          "sensitive_attributes": [],
          "private": "eyJlMmJmYjczMC1lY2FhLTExZTYtOGY4OC0zNDM2M2JjN2M0YzAiOnsiY3JlYXRlIjoxODAwMDAwMDAwMDAwLCJkZWxldGUiOjE4MDAwMDAwMDAwMDAsInJlYWQiOjMwMDAwMDAwMDAwMCwidXBkYXRlIjoxODAwMDAwMDAwMDAwfX0="
        }
      ]
    }
  ],
  "check_results": null
}
