{
  "version": 4,
  "terraform_version": "1.5.7",
  "serial": 15,
  "lineage": "2c8b6e6e-e921-f943-1719-890ba973928f",
  "outputs": {
    "key_data": {
      "value": "ssh-rsa AAAAB3NzaC1yc2EAAAADAQABAAABgQDhnGPYcYajGbMNZm8MUsw4rJofb3RMGq7hYs/WfXuiAThUBdejTRuxh6mELBWPjqrchzZKEzxLdIW426YMUhUquuvJpL5BGM5mWsDq6KvElbOa9zgRPwRn+h6/q2rMcAMlJQEFahINpauI1j99gai2HpcITMf2TJ/LprlriELYXpw/mGLHsj4+UFSXWJq6akm7lDCc59PIw6bDu1nPc+oqXIPnmSqnp9z3U8fI4yGF/8VbK4L0oC4HDSEee63IJHhfK5tdSykUk5TNWivWNbqXLiHC92gbCoaSEw9SGPotmt4k1GoFMHgBGRftG72yZSVP8+RuBFBFlYyH9u4Z8aUuEdvXIgID3Y+TSpRBWuchnC2Ggr9Kicn9RBTamceCYg/7rSyJwvWm3cUVb7gi7TzsX4oYOZvGTEZSLrWT49IQLmET3djQ8wZy8y3CCJMbfJBVWEiLB8kI99szPmqprK2AsicbiSWYPA4F/KhqbKM1nidaBsDwBQaaRlofzyQAYPE= generated-by-azure",
      "type": "string"
    },
    "private_key": {
      "value": "-----BEGIN RSA PRIVATE KEY-----\r\nMIIG5AIBAAKCAYEA4Zxj2HGGoxmzDWZvDFLMOKyaH290TBqu4WLP1n17ogE4VAXX\r\no00bsYephCwVj46q3Ic2ShM8S3SFuNumDFIVKrrryaS+QRjOZlrA6uirxJWzmvc4\r\nET8EZ/oev6tqzHADJSUBBWoSDaWriNY/fYGoth6XCEzH9kyfy6a5a4hC2F6cP5hi\r\nx7I+PlBUl1iaumpJu5QwnOfTyMOmw7tZz3PqKlyD55kqp6fc91PHyOMhhf/FWyuC\r\n9KAuBw0hHnutyCR4XyubXUspFJOUzVor1jW6ly4hwvdoGwqGkhMPUhj6LZreJNRq\r\nBTB4ARkX7Ru9smUlT/PkbgRQRZWMh/buGfGlLhHb1yICA92Pk0qUQVrnIZwthoK/\r\nSonJ/UQU2pnHgmIP+60sicL1pt3FFW+4Iu087F+KGDmbxkxGUi61k+PSEC5hE93Y\r\n0PMGcvMtwgiTG3yQVVhIiwfJCPfbMz5qqaytgLInG4klmDwOBfyoamyjNZ4nWgbA\r\n8AUGmkZaH88kAGDxAgMBAAECggGAL/UZeEnxj7wHxqJumpUDGkz+Wg5MD11grUJe\r\n4b48yJwvyBSR2QGsEFnBG/pu/twZz9TiIm7iUzvKrRfrvRS5sSKYun1Nf/Lw9Or3\r\ntTeOQ7R6wEcq4OefXSba4G1kv15UHNI33FnGyqXbx7ObPWeRYF0yR65ilyWEljqz\r\nkXseknXSCuauoLpv5rkWsjFAer3bPIdsqf3RlAya52Js3d9K+IQ/+bwiSA8ztlNV\r\n1YsKdjx/TDj8lllyT0doMd2ifDfcBFqg6oRe6HvbHgDuKsZ5Iwnv/jGe7HgYDEsA\r\nUDB8PZRReWxvBfKJc8C8spLZ7exSHhRMgKPM5nfIgaPXz6S1G2NO0LMMsip2m39T\r\nb5QZ2oJW2p7fdHRBtDaqRnp81OshVpxrGu2KZG1Xp7R+XmsebTOCQzY5z7iYTJRj\r\nRW+fGDj5V9SDdoLmO5+LZvt5kIPsMrq3BUhV6DMhNszZz9udEYsp17hO6OyvKyFX\r\nPRVVkdx1DtMQJ+jgEETGy2Sgn0iNAoHBAPFreeeoA0WwSQ02r9cD8/CMiSaq0MGU\r\nn+z3T0TyLDzlfsbz+pEYRhq3AIft2fFCxr/AVeWWi2kKQo9pmGjHA2z64/Wd5qA8\r\nvdCNsFcUWxhNH9S7wqhPUWSBhSEjE8VOY6e9i8H2ZyXuA11pnbZa0Qi8lSQ0pwwm\r\nVhfDn4NQKYd/rCk6++pHW5OzOjpOxMK1V2SqUdrF7FxV76aD07hyoX6R0eJd/mud\r\nIezegX8eJ8dODNuE5Z2i0c/uxiimkoNzVwKBwQDvPH8VgXTGElQBCvLqSfFBj3CV\r\np3D/GqKEV7NsYZUQge+y4xd6rmnn0CN/3rJvxyFhnCAhHJwBj0uip6jfX5QZUzO2\r\nxnmQTErqj3vVaJvUKTp6aiFOh5yfvHhKxPFPXwLd1g2wuZYhYn8ouQzTyFcePV0+\r\nZce5f2AZjIPwle1f1Kll8ZTdlgZgWOfjaEdfiB+fwIKINXRcWIk4Ml+UdJhYV/No\r\nk5xRnqUYdxrWkU4ASylpGL6nwl6q1Ggr8h59qPcCgcEA6078hSUn+1b1/SEehw7d\r\nR8tTKxM3YleBAbGT2/nH0JtH1Jed1Kq6OfPBWrwkv5l8qw3HK35u57UOZ0ZfPVEt\r\nL53jb1W2otxRjuNry5SVrbwOmIViGDcneDUeE8xiyt+7FpYTkLygkUHKmdQF2uXt\r\n9PwKyj1fzOHY7FTKN2187QsuPQm23QUsZ2w8BvUbp0SlqAKywfBEj0Nb0QuQ46kn\r\na3yp/F/tSergVEYUJli4IPUcZyLDw8AdjPSIxLqG+AUFAoHBAM4+dkThBP3ZQShg\r\n+wg2VNGzSlkKMCUNHjw/q0PtYGgJzM6Ibm5qPI0HaANNxsEMh9+xjBVfp7LEiW0h\r\nYzmnGXM3wmZ49sYKr69FoXlapLSkEnEEW9BqowEmpwG2hV5qx3rdlZHcfOwtEPjX\r\nh5JwrYI5XtBzSFrHz95WwExBxJGQMbXcLf1V4Athug/Xj2hxXuoHOcEZbEZMYYfc\r\nDYBbgBbxQ7vNPb8zqJrN24pNXFRud7XOCldv/tMBKQlxww2MAwKBwCZu00vFkH13\r\nhpuGFDXz3MadldOCIuUvGd7AFqVhr3r5EjJkHGSmO1QVZwJsQ5TLeb9nuy8u+yKs\r\nnY1XgzUpPCXvPu80NGPwnk6yX6OMuPOmGWFloP09+9TifPsnDQ2HaHsfx9EpymFv\r\ncdecNYte5vEOlRkRN5LclwQfQh+7PtgGfcBRjk2bjKgBAcDpUVrg4GsGNzuCtGvC\r\nptaYCZLhLjmsjiNNGU9mxD1JrdOz+1mehGAjYzxaqJGT8t7Q6hYYJw==\r\n-----END RSA PRIVATE KEY-----\r\n",
      "type": "string",
      "sensitive": true
    },
    "public_ip": {
      "value": "4.246.206.79",
      "type": "string"
    }
  },
  "resources": [
    {
      "mode": "managed",
      "type": "azapi_resource",
      "name": "ssh_public_key",
      "provider": "provider[\"registry.terraform.io/azure/azapi\"]",
      "instances": [
        {
          "schema_version": 2,
          "attributes": {
            "body": {
              "value": {},
              "type": [
                "object",
                {}
              ]
            },
            "create_headers": null,
            "create_query_parameters": null,
            "delete_headers": null,
            "delete_query_parameters": null,
            "id": "/subscriptions/d8469ee0-ecb0-4d5c-9771-552b86d5fb67/resourceGroups/example-resources-ihab-2/providers/Microsoft.Compute/sshPublicKeys/sshbriefjawfish",
            "identity": [],
            "ignore_casing": false,
            "ignore_missing_property": true,
            "location": "eastus",
            "locks": null,
            "name": "sshbriefjawfish",
            "output": {
              "value": {
                "id": "/subscriptions/d8469ee0-ecb0-4d5c-9771-552b86d5fb67/resourceGroups/EXAMPLE-RESOURCES-IHAB-2/providers/Microsoft.Compute/sshPublicKeys/sshbriefjawfish"
              },
              "type": [
                "object",
                {
                  "id": "string"
                }
              ]
            },
            "parent_id": "/subscriptions/d8469ee0-ecb0-4d5c-9771-552b86d5fb67/resourceGroups/example-resources-ihab-2",
            "read_headers": null,
            "read_query_parameters": null,
            "replace_triggers_external_values": null,
            "replace_triggers_refs": null,
            "response_export_values": null,
            "retry": null,
            "schema_validation_enabled": true,
            "tags": null,
            "timeouts": null,
            "type": "Microsoft.Compute/sshPublicKeys@2022-11-01",
            "update_headers": null,
            "update_query_parameters": null
          },
          "sensitive_attributes": [],
          "dependencies": [
            "azurerm_resource_group.rg",
            "random_pet.ssh_key_name"
          ]
        }
      ]
    },
    {
      "mode": "managed",
      "type": "azapi_resource_action",
      "name": "ssh_public_key_gen",
      "provider": "provider[\"registry.terraform.io/azure/azapi\"]",
      "instances": [
        {
          "schema_version": 2,
          "attributes": {
            "action": "generateKeyPair",
            "body": null,
            "headers": null,
            "id": "/subscriptions/d8469ee0-ecb0-4d5c-9771-552b86d5fb67/resourceGroups/example-resources-ihab-2/providers/Microsoft.Compute/sshPublicKeys/sshbriefjawfish/generateKeyPair",
            "locks": null,
            "method": "POST",
            "output": {
              "value": {
                "privateKey": "-----BEGIN RSA PRIVATE KEY-----\r\nMIIG5AIBAAKCAYEA4Zxj2HGGoxmzDWZvDFLMOKyaH290TBqu4WLP1n17ogE4VAXX\r\no00bsYephCwVj46q3Ic2ShM8S3SFuNumDFIVKrrryaS+QRjOZlrA6uirxJWzmvc4\r\nET8EZ/oev6tqzHADJSUBBWoSDaWriNY/fYGoth6XCEzH9kyfy6a5a4hC2F6cP5hi\r\nx7I+PlBUl1iaumpJu5QwnOfTyMOmw7tZz3PqKlyD55kqp6fc91PHyOMhhf/FWyuC\r\n9KAuBw0hHnutyCR4XyubXUspFJOUzVor1jW6ly4hwvdoGwqGkhMPUhj6LZreJNRq\r\nBTB4ARkX7Ru9smUlT/PkbgRQRZWMh/buGfGlLhHb1yICA92Pk0qUQVrnIZwthoK/\r\nSonJ/UQU2pnHgmIP+60sicL1pt3FFW+4Iu087F+KGDmbxkxGUi61k+PSEC5hE93Y\r\n0PMGcvMtwgiTG3yQVVhIiwfJCPfbMz5qqaytgLInG4klmDwOBfyoamyjNZ4nWgbA\r\n8AUGmkZaH88kAGDxAgMBAAECggGAL/UZeEnxj7wHxqJumpUDGkz+Wg5MD11grUJe\r\n4b48yJwvyBSR2QGsEFnBG/pu/twZz9TiIm7iUzvKrRfrvRS5sSKYun1Nf/Lw9Or3\r\ntTeOQ7R6wEcq4OefXSba4G1kv15UHNI33FnGyqXbx7ObPWeRYF0yR65ilyWEljqz\r\nkXseknXSCuauoLpv5rkWsjFAer3bPIdsqf3RlAya52Js3d9K+IQ/+bwiSA8ztlNV\r\n1YsKdjx/TDj8lllyT0doMd2ifDfcBFqg6oRe6HvbHgDuKsZ5Iwnv/jGe7HgYDEsA\r\nUDB8PZRReWxvBfKJc8C8spLZ7exSHhRMgKPM5nfIgaPXz6S1G2NO0LMMsip2m39T\r\nb5QZ2oJW2p7fdHRBtDaqRnp81OshVpxrGu2KZG1Xp7R+XmsebTOCQzY5z7iYTJRj\r\nRW+fGDj5V9SDdoLmO5+LZvt5kIPsMrq3BUhV6DMhNszZz9udEYsp17hO6OyvKyFX\r\nPRVVkdx1DtMQJ+jgEETGy2Sgn0iNAoHBAPFreeeoA0WwSQ02r9cD8/CMiSaq0MGU\r\nn+z3T0TyLDzlfsbz+pEYRhq3AIft2fFCxr/AVeWWi2kKQo9pmGjHA2z64/Wd5qA8\r\nvdCNsFcUWxhNH9S7wqhPUWSBhSEjE8VOY6e9i8H2ZyXuA11pnbZa0Qi8lSQ0pwwm\r\nVhfDn4NQKYd/rCk6++pHW5OzOjpOxMK1V2SqUdrF7FxV76aD07hyoX6R0eJd/mud\r\nIezegX8eJ8dODNuE5Z2i0c/uxiimkoNzVwKBwQDvPH8VgXTGElQBCvLqSfFBj3CV\r\np3D/GqKEV7NsYZUQge+y4xd6rmnn0CN/3rJvxyFhnCAhHJwBj0uip6jfX5QZUzO2\r\nxnmQTErqj3vVaJvUKTp6aiFOh5yfvHhKxPFPXwLd1g2wuZYhYn8ouQzTyFcePV0+\r\nZce5f2AZjIPwle1f1Kll8ZTdlgZgWOfjaEdfiB+fwIKINXRcWIk4Ml+UdJhYV/No\r\nk5xRnqUYdxrWkU4ASylpGL6nwl6q1Ggr8h59qPcCgcEA6078hSUn+1b1/SEehw7d\r\nR8tTKxM3YleBAbGT2/nH0JtH1Jed1Kq6OfPBWrwkv5l8qw3HK35u57UOZ0ZfPVEt\r\nL53jb1W2otxRjuNry5SVrbwOmIViGDcneDUeE8xiyt+7FpYTkLygkUHKmdQF2uXt\r\n9PwKyj1fzOHY7FTKN2187QsuPQm23QUsZ2w8BvUbp0SlqAKywfBEj0Nb0QuQ46kn\r\na3yp/F/tSergVEYUJli4IPUcZyLDw8AdjPSIxLqG+AUFAoHBAM4+dkThBP3ZQShg\r\n+wg2VNGzSlkKMCUNHjw/q0PtYGgJzM6Ibm5qPI0HaANNxsEMh9+xjBVfp7LEiW0h\r\nYzmnGXM3wmZ49sYKr69FoXlapLSkEnEEW9BqowEmpwG2hV5qx3rdlZHcfOwtEPjX\r\nh5JwrYI5XtBzSFrHz95WwExBxJGQMbXcLf1V4Athug/Xj2hxXuoHOcEZbEZMYYfc\r\nDYBbgBbxQ7vNPb8zqJrN24pNXFRud7XOCldv/tMBKQlxww2MAwKBwCZu00vFkH13\r\nhpuGFDXz3MadldOCIuUvGd7AFqVhr3r5EjJkHGSmO1QVZwJsQ5TLeb9nuy8u+yKs\r\nnY1XgzUpPCXvPu80NGPwnk6yX6OMuPOmGWFloP09+9TifPsnDQ2HaHsfx9EpymFv\r\ncdecNYte5vEOlRkRN5LclwQfQh+7PtgGfcBRjk2bjKgBAcDpUVrg4GsGNzuCtGvC\r\nptaYCZLhLjmsjiNNGU9mxD1JrdOz+1mehGAjYzxaqJGT8t7Q6hYYJw==\r\n-----END RSA PRIVATE KEY-----\r\n",
                "publicKey": "ssh-rsa AAAAB3NzaC1yc2EAAAADAQABAAABgQDhnGPYcYajGbMNZm8MUsw4rJofb3RMGq7hYs/WfXuiAThUBdejTRuxh6mELBWPjqrchzZKEzxLdIW426YMUhUquuvJpL5BGM5mWsDq6KvElbOa9zgRPwRn+h6/q2rMcAMlJQEFahINpauI1j99gai2HpcITMf2TJ/LprlriELYXpw/mGLHsj4+UFSXWJq6akm7lDCc59PIw6bDu1nPc+oqXIPnmSqnp9z3U8fI4yGF/8VbK4L0oC4HDSEee63IJHhfK5tdSykUk5TNWivWNbqXLiHC92gbCoaSEw9SGPotmt4k1GoFMHgBGRftG72yZSVP8+RuBFBFlYyH9u4Z8aUuEdvXIgID3Y+TSpRBWuchnC2Ggr9Kicn9RBTamceCYg/7rSyJwvWm3cUVb7gi7TzsX4oYOZvGTEZSLrWT49IQLmET3djQ8wZy8y3CCJMbfJBVWEiLB8kI99szPmqprK2AsicbiSWYPA4F/KhqbKM1nidaBsDwBQaaRlofzyQAYPE= generated-by-azure"
              },
              "type": [
                "object",
                {
                  "privateKey": "string",
                  "publicKey": "string"
                }
              ]
            },
            "query_parameters": null,
            "resource_id": "/subscriptions/d8469ee0-ecb0-4d5c-9771-552b86d5fb67/resourceGroups/example-resources-ihab-2/providers/Microsoft.Compute/sshPublicKeys/sshbriefjawfish",
            "response_export_values": {
              "value": [
                "publicKey",
                "privateKey"
              ],
              "type": [
                "tuple",
                [
                  "string",
                  "string"
                ]
              ]
            },
            "retry": null,
            "sensitive_output": {
              "value": {},
              "type": [
                "object",
                {}
              ]
            },
            "sensitive_response_export_values": null,
            "timeouts": null,
            "type": "Microsoft.Compute/sshPublicKeys@2022-11-01",
            "when": "apply"
          },
          "sensitive_attributes": [],
          "dependencies": [
            "azapi_resource.ssh_public_key",
            "azurerm_resource_group.rg",
            "random_pet.ssh_key_name"
          ]
        }
      ]
    },
    {
      "mode": "managed",
      "type": "azurerm_network_interface",
      "name": "nic",
      "provider": "provider[\"registry.terraform.io/hashicorp/azurerm\"]",
      "instances": [
        {
          "schema_version": 0,
          "attributes": {
            "accelerated_networking_enabled": false,
            "applied_dns_servers": [],
            "auxiliary_mode": "",
            "auxiliary_sku": "",
            "dns_servers": [],
            "edge_zone": "",
            "id": "/subscriptions/d8469ee0-ecb0-4d5c-9771-552b86d5fb67/resourceGroups/example-resources-ihab-2/providers/Microsoft.Network/networkInterfaces/example-nic",
            "internal_dns_name_label": "",
            "internal_domain_name_suffix": "eg23cfafy5telpo1h5grbems1h.bx.internal.cloudapp.net",
            "ip_configuration": [
              {
                "gateway_load_balancer_frontend_ip_configuration_id": "",
                "name": "internal",
                "primary": true,
                "private_ip_address": "10.0.1.4",
                "private_ip_address_allocation": "Dynamic",
                "private_ip_address_version": "IPv4",
                "public_ip_address_id": "/subscriptions/d8469ee0-ecb0-4d5c-9771-552b86d5fb67/resourceGroups/example-resources-ihab-2/providers/Microsoft.Network/publicIPAddresses/example-publicip",
                "subnet_id": "/subscriptions/d8469ee0-ecb0-4d5c-9771-552b86d5fb67/resourceGroups/example-resources-ihab-2/providers/Microsoft.Network/virtualNetworks/example-vnet/subnets/example-subnet"
              }
            ],
            "ip_forwarding_enabled": false,
            "location": "eastus",
            "mac_address": "00-22-48-2A-82-31",
            "name": "example-nic",
            "private_ip_address": "10.0.1.4",
            "private_ip_addresses": [
              "10.0.1.4"
            ],
            "resource_group_name": "example-resources-ihab-2",
            "tags": {},
            "timeouts": null,
            "virtual_machine_id": "/subscriptions/d8469ee0-ecb0-4d5c-9771-552b86d5fb67/resourceGroups/example-resources-ihab-2/providers/Microsoft.Compute/virtualMachines/example-vm"
          },
          "sensitive_attributes": [],
          "private": "eyJlMmJmYjczMC1lY2FhLTExZTYtOGY4OC0zNDM2M2JjN2M0YzAiOnsiY3JlYXRlIjoxODAwMDAwMDAwMDAwLCJkZWxldGUiOjE4MDAwMDAwMDAwMDAsInJlYWQiOjMwMDAwMDAwMDAwMCwidXBkYXRlIjoxODAwMDAwMDAwMDAwfX0=",
          "dependencies": [
            "azurerm_public_ip.public_ip",
            "azurerm_resource_group.rg",
            "azurerm_subnet.subnet",
            "azurerm_virtual_network.vnet"
          ]
        }
      ]
    },
    {
      "mode": "managed",
      "type": "azurerm_network_interface_security_group_association",
      "name": "nsg_assoc",
      "provider": "provider[\"registry.terraform.io/hashicorp/azurerm\"]",
      "instances": [
        {
          "schema_version": 0,
          "attributes": {
            "id": "/subscriptions/d8469ee0-ecb0-4d5c-9771-552b86d5fb67/resourceGroups/example-resources-ihab-2/providers/Microsoft.Network/networkInterfaces/example-nic|/subscriptions/d8469ee0-ecb0-4d5c-9771-552b86d5fb67/resourceGroups/example-resources-ihab-2/providers/Microsoft.Network/networkSecurityGroups/ssh-nsg",
            "network_interface_id": "/subscriptions/d8469ee0-ecb0-4d5c-9771-552b86d5fb67/resourceGroups/example-resources-ihab-2/providers/Microsoft.Network/networkInterfaces/example-nic",
            "network_security_group_id": "/subscriptions/d8469ee0-ecb0-4d5c-9771-552b86d5fb67/resourceGroups/example-resources-ihab-2/providers/Microsoft.Network/networkSecurityGroups/ssh-nsg",
            "timeouts": null
          },
          "sensitive_attributes": [],
          "private": "eyJlMmJmYjczMC1lY2FhLTExZTYtOGY4OC0zNDM2M2JjN2M0YzAiOnsiY3JlYXRlIjoxODAwMDAwMDAwMDAwLCJkZWxldGUiOjE4MDAwMDAwMDAwMDAsInJlYWQiOjMwMDAwMDAwMDAwMH19",
          "dependencies": [
            "azurerm_network_interface.nic",
            "azurerm_network_security_group.nsg",
            "azurerm_resource_group.rg"
          ]
        }
      ]
    },
    {
      "mode": "managed",
      "type": "azurerm_network_security_group",
      "name": "nsg",
      "provider": "provider[\"registry.terraform.io/hashicorp/azurerm\"]",
      "instances": [
        {
          "schema_version": 0,
          "attributes": {
            "id": "/subscriptions/d8469ee0-ecb0-4d5c-9771-552b86d5fb67/resourceGroups/example-resources-ihab-2/providers/Microsoft.Network/networkSecurityGroups/ssh-nsg",
            "location": "eastus",
            "name": "ssh-nsg",
            "resource_group_name": "example-resources-ihab-2",
            "security_rule": [
              {
                "access": "Allow",
                "description": "",
                "destination_address_prefix": "*",
                "destination_address_prefixes": [],
                "destination_application_security_group_ids": [],
                "destination_port_range": "22",
                "destination_port_ranges": [],
                "direction": "Inbound",
                "name": "Allow-SSH",
                "priority": 1001,
                "protocol": "Tcp",
                "source_address_prefix": "*",
                "source_address_prefixes": [],
                "source_application_security_group_ids": [],
                "source_port_range": "*",
                "source_port_ranges": []
              }
            ],
            "tags": null,
            "timeouts": null
          },
          "sensitive_attributes": [],
          "private": "eyJlMmJmYjczMC1lY2FhLTExZTYtOGY4OC0zNDM2M2JjN2M0YzAiOnsiY3JlYXRlIjoxODAwMDAwMDAwMDAwLCJkZWxldGUiOjE4MDAwMDAwMDAwMDAsInJlYWQiOjMwMDAwMDAwMDAwMCwidXBkYXRlIjoxODAwMDAwMDAwMDAwfX0=",
          "dependencies": [
            "azurerm_resource_group.rg"
          ]
        }
      ]
    },
    {
      "mode": "managed",
      "type": "azurerm_public_ip",
      "name": "public_ip",
      "provider": "provider[\"registry.terraform.io/hashicorp/azurerm\"]",
      "instances": [
        {
          "schema_version": 0,
          "attributes": {
            "allocation_method": "Static",
            "ddos_protection_mode": "VirtualNetworkInherited",
            "ddos_protection_plan_id": null,
            "domain_name_label": null,
            "domain_name_label_scope": null,
            "edge_zone": "",
            "fqdn": null,
            "id": "/subscriptions/d8469ee0-ecb0-4d5c-9771-552b86d5fb67/resourceGroups/example-resources-ihab-2/providers/Microsoft.Network/publicIPAddresses/example-publicip",
            "idle_timeout_in_minutes": 4,
            "ip_address": "4.246.206.79",
            "ip_tags": {},
            "ip_version": "IPv4",
            "location": "eastus",
            "name": "example-publicip",
            "public_ip_prefix_id": null,
            "resource_group_name": "example-resources-ihab-2",
            "reverse_fqdn": null,
            "sku": "Standard",
            "sku_tier": "Regional",
            "tags": {},
            "timeouts": null,
            "zones": []
          },
          "sensitive_attributes": [],
          "private": "eyJlMmJmYjczMC1lY2FhLTExZTYtOGY4OC0zNDM2M2JjN2M0YzAiOnsiY3JlYXRlIjoxODAwMDAwMDAwMDAwLCJkZWxldGUiOjE4MDAwMDAwMDAwMDAsInJlYWQiOjMwMDAwMDAwMDAwMCwidXBkYXRlIjoxODAwMDAwMDAwMDAwfX0=",
          "dependencies": [
            "azurerm_resource_group.rg"
          ]
        }
      ]
    },
    {
      "mode": "managed",
      "type": "azurerm_resource_group",
      "name": "rg",
      "provider": "provider[\"registry.terraform.io/hashicorp/azurerm\"]",
      "instances": [
        {
          "schema_version": 0,
          "attributes": {
            "id": "/subscriptions/d8469ee0-ecb0-4d5c-9771-552b86d5fb67/resourceGroups/example-resources-ihab-2",
            "location": "eastus",
            "managed_by": "",
            "name": "example-resources-ihab-2",
            "tags": {},
            "timeouts": null
          },
          "sensitive_attributes": [],
          "private": "eyJlMmJmYjczMC1lY2FhLTExZTYtOGY4OC0zNDM2M2JjN2M0YzAiOnsiY3JlYXRlIjo1NDAwMDAwMDAwMDAwLCJkZWxldGUiOjU0MDAwMDAwMDAwMDAsInJlYWQiOjMwMDAwMDAwMDAwMCwidXBkYXRlIjo1NDAwMDAwMDAwMDAwfX0="
        }
      ]
    },
    {
      "mode": "managed",
      "type": "azurerm_subnet",
      "name": "subnet",
      "provider": "provider[\"registry.terraform.io/hashicorp/azurerm\"]",
      "instances": [
        {
          "schema_version": 0,
          "attributes": {
            "address_prefixes": [
              "10.0.1.0/24"
            ],
            "default_outbound_access_enabled": true,
            "delegation": [],
            "id": "/subscriptions/d8469ee0-ecb0-4d5c-9771-552b86d5fb67/resourceGroups/example-resources-ihab-2/providers/Microsoft.Network/virtualNetworks/example-vnet/subnets/example-subnet",
            "name": "example-subnet",
            "private_endpoint_network_policies": "Disabled",
            "private_link_service_network_policies_enabled": true,
            "resource_group_name": "example-resources-ihab-2",
            "service_endpoint_policy_ids": [],
            "service_endpoints": [],
            "timeouts": null,
            "virtual_network_name": "example-vnet"
          },
          "sensitive_attributes": [],
          "private": "eyJlMmJmYjczMC1lY2FhLTExZTYtOGY4OC0zNDM2M2JjN2M0YzAiOnsiY3JlYXRlIjoxODAwMDAwMDAwMDAwLCJkZWxldGUiOjE4MDAwMDAwMDAwMDAsInJlYWQiOjMwMDAwMDAwMDAwMCwidXBkYXRlIjoxODAwMDAwMDAwMDAwfX0=",
          "dependencies": [
            "azurerm_resource_group.rg",
            "azurerm_virtual_network.vnet"
          ]
        }
      ]
    },
    {
      "mode": "managed",
      "type": "azurerm_virtual_machine",
      "name": "vm",
      "provider": "provider[\"registry.terraform.io/hashicorp/azurerm\"]",
      "instances": [
        {
          "schema_version": 0,
          "attributes": {
            "additional_capabilities": [],
            "availability_set_id": null,
            "boot_diagnostics": [],
            "delete_data_disks_on_termination": false,
            "delete_os_disk_on_termination": false,
            "id": "/subscriptions/d8469ee0-ecb0-4d5c-9771-552b86d5fb67/resourceGroups/example-resources-ihab-2/providers/Microsoft.Compute/virtualMachines/example-vm",
            "identity": [],
            "license_type": null,
            "location": "eastus",
            "name": "example-vm",
            "network_interface_ids": [
              "/subscriptions/d8469ee0-ecb0-4d5c-9771-552b86d5fb67/resourceGroups/example-resources-ihab-2/providers/Microsoft.Network/networkInterfaces/example-nic"
            ],
            "os_profile": [
              {
                "admin_password": "",
                "admin_username": "adminuser",
                "computer_name": "hostname",
                "custom_data": ""
              }
            ],
            "os_profile_linux_config": [
              {
                "disable_password_authentication": true,
                "ssh_keys": [
                  {
                    "key_data": "ssh-rsa AAAAB3NzaC1yc2EAAAADAQABAAABgQDhnGPYcYajGbMNZm8MUsw4rJofb3RMGq7hYs/WfXuiAThUBdejTRuxh6mELBWPjqrchzZKEzxLdIW426YMUhUquuvJpL5BGM5mWsDq6KvElbOa9zgRPwRn+h6/q2rMcAMlJQEFahINpauI1j99gai2HpcITMf2TJ/LprlriELYXpw/mGLHsj4+UFSXWJq6akm7lDCc59PIw6bDu1nPc+oqXIPnmSqnp9z3U8fI4yGF/8VbK4L0oC4HDSEee63IJHhfK5tdSykUk5TNWivWNbqXLiHC92gbCoaSEw9SGPotmt4k1GoFMHgBGRftG72yZSVP8+RuBFBFlYyH9u4Z8aUuEdvXIgID3Y+TSpRBWuchnC2Ggr9Kicn9RBTamceCYg/7rSyJwvWm3cUVb7gi7TzsX4oYOZvGTEZSLrWT49IQLmET3djQ8wZy8y3CCJMbfJBVWEiLB8kI99szPmqprK2AsicbiSWYPA4F/KhqbKM1nidaBsDwBQaaRlofzyQAYPE= generated-by-azure",
                    "path": "/home/adminuser/.ssh/authorized_keys"
                  }
                ]
              }
            ],
            "os_profile_secrets": [],
            "os_profile_windows_config": [],
            "plan": [],
            "primary_network_interface_id": null,
            "proximity_placement_group_id": null,
            "resource_group_name": "example-resources-ihab-2",
            "storage_data_disk": [],
            "storage_image_reference": [
              {
                "id": "",
                "offer": "UbuntuServer",
                "publisher": "Canonical",
                "sku": "16.04-LTS",
                "version": "latest"
              }
            ],
            "storage_os_disk": [
              {
                "caching": "ReadWrite",
                "create_option": "FromImage",
                "disk_size_gb": 30,
                "image_uri": "",
                "managed_disk_id": "/subscriptions/d8469ee0-ecb0-4d5c-9771-552b86d5fb67/resourceGroups/example-resources-ihab-2/providers/Microsoft.Compute/disks/example-osdisk",
                "managed_disk_type": "Standard_LRS",
                "name": "example-osdisk",
                "os_type": "Linux",
                "vhd_uri": "",
                "write_accelerator_enabled": false
              }
            ],
            "tags": {},
            "timeouts": null,
            "vm_size": "Standard_DS1_v2",
            "zones": []
          },
          "sensitive_attributes": [],
          "private": "eyJlMmJmYjczMC1lY2FhLTExZTYtOGY4OC0zNDM2M2JjN2M0YzAiOnsiY3JlYXRlIjozNjAwMDAwMDAwMDAwLCJkZWxldGUiOjM2MDAwMDAwMDAwMDAsInJlYWQiOjMwMDAwMDAwMDAwMCwidXBkYXRlIjozNjAwMDAwMDAwMDAwfX0=",
          "dependencies": [
            "azapi_resource.ssh_public_key",
            "azapi_resource_action.ssh_public_key_gen",
            "azurerm_network_interface.nic",
            "azurerm_public_ip.public_ip",
            "azurerm_resource_group.rg",
            "azurerm_subnet.subnet",
            "azurerm_virtual_network.vnet",
            "random_pet.ssh_key_name"
          ]
        }
      ]
    },
    {
      "mode": "managed",
      "type": "azurerm_virtual_network",
      "name": "vnet",
      "provider": "provider[\"registry.terraform.io/hashicorp/azurerm\"]",
      "instances": [
        {
          "schema_version": 0,
          "attributes": {
            "address_space": [
              "10.0.0.0/16"
            ],
            "bgp_community": "",
            "ddos_protection_plan": [],
            "dns_servers": [],
            "edge_zone": "",
            "encryption": [],
            "flow_timeout_in_minutes": 0,
            "guid": "14d1b921-c705-45e6-bddb-3fcd109192df",
            "id": "/subscriptions/d8469ee0-ecb0-4d5c-9771-552b86d5fb67/resourceGroups/example-resources-ihab-2/providers/Microsoft.Network/virtualNetworks/example-vnet",
            "location": "eastus",
            "name": "example-vnet",
            "private_endpoint_vnet_policies": "Disabled",
            "resource_group_name": "example-resources-ihab-2",
            "subnet": [
              {
                "address_prefixes": [
                  "10.0.1.0/24"
                ],
                "default_outbound_access_enabled": true,
                "delegation": [],
                "id": "/subscriptions/d8469ee0-ecb0-4d5c-9771-552b86d5fb67/resourceGroups/example-resources-ihab-2/providers/Microsoft.Network/virtualNetworks/example-vnet/subnets/example-subnet",
                "name": "example-subnet",
                "private_endpoint_network_policies": "Disabled",
                "private_link_service_network_policies_enabled": true,
                "route_table_id": "",
                "security_group": "",
                "service_endpoint_policy_ids": [],
                "service_endpoints": []
              }
            ],
            "tags": {},
            "timeouts": null
          },
          "sensitive_attributes": [],
          "private": "eyJlMmJmYjczMC1lY2FhLTExZTYtOGY4OC0zNDM2M2JjN2M0YzAiOnsiY3JlYXRlIjoxODAwMDAwMDAwMDAwLCJkZWxldGUiOjE4MDAwMDAwMDAwMDAsInJlYWQiOjMwMDAwMDAwMDAwMCwidXBkYXRlIjoxODAwMDAwMDAwMDAwfX0=",
          "dependencies": [
            "azurerm_resource_group.rg"
          ]
        }
      ]
    },
    {
      "mode": "managed",
      "type": "random_pet",
      "name": "ssh_key_name",
      "provider": "provider[\"registry.terraform.io/hashicorp/random\"]",
      "instances": [
        {
          "schema_version": 0,
          "attributes": {
            "id": "sshbriefjawfish",
            "keepers": null,
            "length": 2,
            "prefix": "ssh",
            "separator": ""
          },
          "sensitive_attributes": []
        }
      ]
    }
  ],
  "check_results": null
}
