{
  "version": 4,
  "terraform_version": "1.5.7",
  "serial": 23,
  "lineage": "b03b0e31-f9ca-71c7-96a9-bef807ce5e94",
  "outputs": {
    "public_ip_loadbalancer": {
      "value": "4.227.234.137",
      "type": "string"
    },
    "ssh_private_key": {
      "value": "-----BEGIN RSA PRIVATE KEY-----\nMIIJKAIBAAKCAgEA0+Y6/5lArddU8eq6ZRyZyTFE/T40RNIywq3O0/1eg9EWWNZb\nM3SOLmDmXk4yK0JHKrueT0g8A5elO/PjvVI20Vtjj2NyLsWQ3u0kWRbmr9ozE9jY\nLw12lTc/SI9+ts2xVY6jeQPFxBWR3kezaaHHEDetO1Fapfft1bfoV7nn4NM6hBdf\n2XZ7k64tno46cvS3ebpHzdWU9gAKAG4ow9bCQV9CnAgy9wujUtWqkAbU18pSjauZ\nzHGBkmkBQ4ROBrWHnp2wkkFhphweFz6iY7DInstCmerUOU2BVYsucMWTn0l/jh6J\nOINKGboB6yl0Uh1mYGssFksPjpp9W8KUA19+ROQEOAKCjpkxm2EdijUkRIjhXX5X\n57QjfOJdaYczf9z/4HXIjA8GyfannyMbNUc9sd/cjc8XvKotPwq9TjI6yyqDLuMn\nMXLyKO2b2StbPPi5oXxam5oYHphI/cQZNbL6OHlox4ADof88mJS3/8BvpGa4sbiv\nefn0hvntt+dIQHlBSIf22gIz41JsAa3NLSRCGeoE01gtqWA4DbcHpBy1w75VV5lc\nPr+7v6oiotlC7yVsKvMudtYxWhF91uqVoU91Ql8BhY1XeLtdCDe2zAcpV5U1TYM5\ndfsIp/oxs2yE8r9hLfxdpOlhmeOCy1ZHzRJ3dvj/vRv9oSJt18M0FA/GGL0CAwEA\nAQKCAgAWqk+xO1FBxwCdB8B8RDzm2lBIzjiFC/7F+BVhc36ClwDO687BiDwVFeRO\nPgr7uZEnLv5V+KICuFvCN+oqO/sFFcNmePqjqho+3hq/NMXkFXDVNKKbFdOTTl+E\ngWTKZOINBr7RmOe0e6Iopn64U8eZIntzFtadXhGghJVjnM0CrVVa/60O869wMndK\nuGfkF+zwJk6745aVYZewSBgwKm6I04mqau4YorQLjjM6SKDHnCqMYMiIp7N2V6j8\n8c/uw8gH3VIfssKhI+zMC7UO+L/czF0JXabpojKtVb/X7CpIJXJxXy7KTrDEY7ME\n1mBM0Dw9H/mNQOYfGMND52Ixois9PVsNST+ppVDfx3cF1v3Rycb5Y+bU2UzD3rsI\ndxcZIfL7F42J+9wxwkGC19+Evi0wQLTwkOnnf1rL9FeS3LDRQmeg4+QK3O7/528o\n+VRt4idc5hEyGMffPHZ0EGXrOc0I1rkeVkHZS62R5m1Xg5nl1IFz5CGwIe6Chxxo\n+pTMSMfsYfAHLKnsOnv3sXjuXPqkKLaWijkZt3Kjmk1+dPmFPjdO+2hcYO2wH9lo\nAKKYXBswUFbaQkTVh7Kskj9f3darfJMQMgIOMtUm01L40PfD0dxYia83WKRUucN/\neAhsqrRF/GbkfQdIoIHNvGlBtA27L3LJcbqtKU+MIccAG1Av+QKCAQEA6Bi/HuI8\nsPW0+PX+4iqGvlrncuqXUFpg70Wk96PqUbjV9B/hkw161VsDzy7pDRMEo4lM5Isg\nJAP6UjlkZr6Gk/seWSXJ1zENRV9S4RQlqYBRCtN3iMYaZJIasW5w521z0BFqBduX\nnfPZvc/Yrf58IhxmllhT9WpEnR7gPRCJYhNg9/F1j/hKOa9uSUIIGhG2zYD+fCdg\n3Z2MZARNR6bZrF2HAGAe2fnbI2jfDGWdXzdEectjIdExjx0+Bh7qtC9Nl2Km4grA\nvPrcWR9sA+5oTiYbmMMepyqFxyrzLSYwKfEAHpbQ1mQH2Z5JD9QjDrlJZ3qBqiZm\n71p2p8QCZ4mJ7wKCAQEA6bj6quno/PU7VpiPaewOAIvAEt5sW9am0HCJ+rltVanA\nR6SqbuS55Vx9L3au6dOsEiNwnZ9eB7iFrvbnqsafefDmjzrueZPLJyN1G7Nvl3yL\nVVTiaCoQUG4MYbIDZjxnCPNDf43yE1IJaXMlpl3SpvJRgPDP2J7W3Ro3BFr2EKva\nfmdek+/AYGFYGx31RqDTLRFC5h3zLmCMGX3evWUEz9kYS5aJLASchvY/A8SF5ev+\nFTVn8zjMPgF9wvDnD0/XTL/tmlh4avFELIfiwPaKt5sMl5KRw3t7TYf77+h8NNjR\ncquNcuX92eP9Hj6PmZDGnTUmPqLmNKgbKTNg0cjkEwKCAQAijdSeZ3Y7rkkEK7OH\nvmcTHfuJS029w8bcuJSn3bp78jXAQ6LUvtQDwaoehVBjBurQ4hcVi3T8h68T4MGG\n3mSw0VkiUpLrO71LD7cKFXLJ+nWWVAde0IeLY4kf015xxgTQ/Fa5iojXFj/bl38d\n4F5gwbOwPHQ7fFe8wKUH0ldxx4rPPx6OkZuTXP/hXjhQkUSS8dpxZ3dvZw5Isa9D\ntJ6Bn+cCck0FjMJIUkuqz9IPI+5I57PZjAiB0wux45ZzvvshR6mqy4kIWZzGk/wD\n1dGnmNrQ8nO01YrXLRjJJv9SrzOiWje7Q2c7yen8tkuF3KYGBuIZD+CRT/mMXo0x\nFvP3AoIBAGFrdiiJiVDvEwW8X4LiHtABcFUtGvOI3E1jq0+zvKwJLpluPJAujIHa\n9F81VCEo1r9UwFsjE3maYzaTuerIEa8tR50KDl7kyLgOooCiYXA+PIGb+Sc76ULt\nLAIIxjv2D2h+pXLkgrOk7UFj+pyG3QgzVt+tAKWlR6AvjiElnQ1D5LXtdlGpjIFf\n8e6TpSoEXSGa4UyzzSpWme8CNTayhbfxIJxZKeIMJgZnW8rBPqKgpG7IrQSHdzKd\nQoNgEJ+kQvS9x1cfa0oAOM9q8IxH93gii7QeJt3ZeYLOnKfaOvN4MI1gjnwG+7G3\nw0i5APgcjXz3q3JOSjBGpdOdk8y9tLsCggEBALS6v1qVQSfvqP7rArb1UZtng5cm\nU2xnobxlzL9DBnzacmdShjfiQ+wlZHYkMMy/q/ejJpU90sAf2/TyKMJcVISGT4NI\n6l4peGwt5H5rMEM+JlwszcknfJiBipjIokoOTQMQViiPbIWw/5aDUKhkDj6QYCjA\noQbEjwBF3BMOQxPwy4Y0PD/B5rR/q+/9nTuf6I7awK6RoflgISVhKW4RabsyCasj\nBZxuqNKVokTLLf1lvvT8H4jhPAAOm8QynYPFWarFkdU76UXlRrlhHUQZ6c9vDoDw\n7qdLInTGQS3G+AMHTvhCj0pJsnyoUqHhkikg7Ah9V8h9IVVEPQI4ViFMd0I=\n-----END RSA PRIVATE KEY-----\n",
      "type": "string",
      "sensitive": true
    }
  },
  "resources": [
    {
      "mode": "managed",
      "type": "azurerm_lb",
      "name": "loadbalancer",
      "provider": "provider[\"registry.terraform.io/hashicorp/azurerm\"]",
      "instances": [
        {
          "schema_version": 0,
          "attributes": {
            "edge_zone": "",
            "frontend_ip_configuration": [
              {
                "gateway_load_balancer_frontend_ip_configuration_id": "",
                "id": "/subscriptions/d8469ee0-ecb0-4d5c-9771-552b86d5fb67/resourceGroups/rg-loadbalancer-demo/providers/Microsoft.Network/loadBalancers/demo-loadbalancer/frontendIPConfigurations/PublicIP",
                "inbound_nat_rules": [],
                "load_balancer_rules": [],
                "name": "PublicIP",
                "outbound_rules": [],
                "private_ip_address": "",
                "private_ip_address_allocation": "Dynamic",
                "private_ip_address_version": "",
                "public_ip_address_id": "/subscriptions/d8469ee0-ecb0-4d5c-9771-552b86d5fb67/resourceGroups/rg-loadbalancer-demo/providers/Microsoft.Network/publicIPAddresses/lb-public-ip",
                "public_ip_prefix_id": "",
                "subnet_id": "",
                "zones": null
              }
            ],
            "id": "/subscriptions/d8469ee0-ecb0-4d5c-9771-552b86d5fb67/resourceGroups/rg-loadbalancer-demo/providers/Microsoft.Network/loadBalancers/demo-loadbalancer",
            "location": "eastus",
            "name": "demo-loadbalancer",
            "private_ip_address": "",
            "private_ip_addresses": [],
            "resource_group_name": "rg-loadbalancer-demo",
            "sku": "Standard",
            "sku_tier": "Regional",
            "tags": null,
            "timeouts": null
          },
          "sensitive_attributes": [],
          "private": "eyJlMmJmYjczMC1lY2FhLTExZTYtOGY4OC0zNDM2M2JjN2M0YzAiOnsiY3JlYXRlIjoxODAwMDAwMDAwMDAwLCJkZWxldGUiOjE4MDAwMDAwMDAwMDAsInJlYWQiOjMwMDAwMDAwMDAwMCwidXBkYXRlIjoxODAwMDAwMDAwMDAwfX0=",
          "dependencies": [
            "azurerm_public_ip.lb_public_ip",
            "azurerm_resource_group.rg"
          ]
        }
      ]
    },
    {
      "mode": "managed",
      "type": "azurerm_lb_backend_address_pool",
      "name": "bepool",
      "provider": "provider[\"registry.terraform.io/hashicorp/azurerm\"]",
      "instances": [
        {
          "schema_version": 0,
          "attributes": {
            "backend_ip_configurations": [],
            "id": "/subscriptions/d8469ee0-ecb0-4d5c-9771-552b86d5fb67/resourceGroups/rg-loadbalancer-demo/providers/Microsoft.Network/loadBalancers/demo-loadbalancer/backendAddressPools/backendpool",
            "inbound_nat_rules": [],
            "load_balancing_rules": [],
            "loadbalancer_id": "/subscriptions/d8469ee0-ecb0-4d5c-9771-552b86d5fb67/resourceGroups/rg-loadbalancer-demo/providers/Microsoft.Network/loadBalancers/demo-loadbalancer",
            "name": "backendpool",
            "outbound_rules": [],
            "synchronous_mode": "",
            "timeouts": null,
            "tunnel_interface": [],
            "virtual_network_id": ""
          },
          "sensitive_attributes": [],
          "private": "eyJlMmJmYjczMC1lY2FhLTExZTYtOGY4OC0zNDM2M2JjN2M0YzAiOnsiY3JlYXRlIjoxODAwMDAwMDAwMDAwLCJkZWxldGUiOjE4MDAwMDAwMDAwMDAsInJlYWQiOjMwMDAwMDAwMDAwMCwidXBkYXRlIjoxODAwMDAwMDAwMDAwfX0=",
          "dependencies": [
            "azurerm_lb.loadbalancer",
            "azurerm_public_ip.lb_public_ip",
            "azurerm_resource_group.rg"
          ]
        }
      ]
    },
    {
      "mode": "managed",
      "type": "azurerm_lb_probe",
      "name": "http_probe",
      "provider": "provider[\"registry.terraform.io/hashicorp/azurerm\"]",
      "instances": [
        {
          "schema_version": 0,
          "attributes": {
            "id": "/subscriptions/d8469ee0-ecb0-4d5c-9771-552b86d5fb67/resourceGroups/rg-loadbalancer-demo/providers/Microsoft.Network/loadBalancers/demo-loadbalancer/probes/http-probe",
            "interval_in_seconds": 15,
            "load_balancer_rules": [],
            "loadbalancer_id": "/subscriptions/d8469ee0-ecb0-4d5c-9771-552b86d5fb67/resourceGroups/rg-loadbalancer-demo/providers/Microsoft.Network/loadBalancers/demo-loadbalancer",
            "name": "http-probe",
            "number_of_probes": 2,
            "port": 80,
            "probe_threshold": 1,
            "protocol": "Http",
            "request_path": "/",
            "timeouts": null
          },
          "sensitive_attributes": [],
          "private": "eyJlMmJmYjczMC1lY2FhLTExZTYtOGY4OC0zNDM2M2JjN2M0YzAiOnsiY3JlYXRlIjoxODAwMDAwMDAwMDAwLCJkZWxldGUiOjE4MDAwMDAwMDAwMDAsInJlYWQiOjMwMDAwMDAwMDAwMCwidXBkYXRlIjoxODAwMDAwMDAwMDAwfX0=",
          "dependencies": [
            "azurerm_lb.loadbalancer",
            "azurerm_public_ip.lb_public_ip",
            "azurerm_resource_group.rg"
          ]
        }
      ]
    },
    {
      "mode": "managed",
      "type": "azurerm_lb_rule",
      "name": "http",
      "provider": "provider[\"registry.terraform.io/hashicorp/azurerm\"]",
      "instances": [
        {
          "schema_version": 0,
          "attributes": {
            "backend_address_pool_ids": [
              "/subscriptions/d8469ee0-ecb0-4d5c-9771-552b86d5fb67/resourceGroups/rg-loadbalancer-demo/providers/Microsoft.Network/loadBalancers/demo-loadbalancer/backendAddressPools/backendpool"
            ],
            "backend_port": 80,
            "disable_outbound_snat": false,
            "enable_floating_ip": false,
            "enable_tcp_reset": false,
            "frontend_ip_configuration_id": "/subscriptions/d8469ee0-ecb0-4d5c-9771-552b86d5fb67/resourceGroups/rg-loadbalancer-demo/providers/Microsoft.Network/loadBalancers/demo-loadbalancer/frontendIPConfigurations/PublicIP",
            "frontend_ip_configuration_name": "PublicIP",
            "frontend_port": 80,
            "id": "/subscriptions/d8469ee0-ecb0-4d5c-9771-552b86d5fb67/resourceGroups/rg-loadbalancer-demo/providers/Microsoft.Network/loadBalancers/demo-loadbalancer/loadBalancingRules/http-rule",
            "idle_timeout_in_minutes": 4,
            "load_distribution": "Default",
            "loadbalancer_id": "/subscriptions/d8469ee0-ecb0-4d5c-9771-552b86d5fb67/resourceGroups/rg-loadbalancer-demo/providers/Microsoft.Network/loadBalancers/demo-loadbalancer",
            "name": "http-rule",
            "probe_id": "/subscriptions/d8469ee0-ecb0-4d5c-9771-552b86d5fb67/resourceGroups/rg-loadbalancer-demo/providers/Microsoft.Network/loadBalancers/demo-loadbalancer/probes/http-probe",
            "protocol": "Tcp",
            "timeouts": null
          },
          "sensitive_attributes": [],
          "private": "eyJlMmJmYjczMC1lY2FhLTExZTYtOGY4OC0zNDM2M2JjN2M0YzAiOnsiY3JlYXRlIjoxODAwMDAwMDAwMDAwLCJkZWxldGUiOjE4MDAwMDAwMDAwMDAsInJlYWQiOjMwMDAwMDAwMDAwMCwidXBkYXRlIjoxODAwMDAwMDAwMDAwfX0=",
          "dependencies": [
            "azurerm_lb.loadbalancer",
            "azurerm_lb_backend_address_pool.bepool",
            "azurerm_lb_probe.http_probe",
            "azurerm_public_ip.lb_public_ip",
            "azurerm_resource_group.rg"
          ]
        }
      ]
    },
    {
      "mode": "managed",
      "type": "azurerm_linux_virtual_machine",
      "name": "vm",
      "provider": "provider[\"registry.terraform.io/hashicorp/azurerm\"]",
      "instances": [
        {
          "index_key": 0,
          "schema_version": 0,
          "attributes": {
            "additional_capabilities": [],
            "admin_password": null,
            "admin_ssh_key": [
              {
                "public_key": "ssh-rsa AAAAB3NzaC1yc2EAAAADAQABAAACAQDT5jr/mUCt11Tx6rplHJnJMUT9PjRE0jLCrc7T/V6D0RZY1lszdI4uYOZeTjIrQkcqu55PSDwDl6U78+O9UjbRW2OPY3IuxZDe7SRZFuav2jMT2NgvDXaVNz9Ij362zbFVjqN5A8XEFZHeR7NpoccQN607UVql9+3Vt+hXuefg0zqEF1/ZdnuTri2ejjpy9Ld5ukfN1ZT2AAoAbijD1sJBX0KcCDL3C6NS1aqQBtTXylKNq5nMcYGSaQFDhE4GtYeenbCSQWGmHB4XPqJjsMiey0KZ6tQ5TYFViy5wxZOfSX+OHok4g0oZugHrKXRSHWZgaywWSw+Omn1bwpQDX35E5AQ4AoKOmTGbYR2KNSREiOFdflfntCN84l1phzN/3P/gdciMDwbJ9qefIxs1Rz2x39yNzxe8qi0/Cr1OMjrLKoMu4ycxcvIo7ZvZK1s8+LmhfFqbmhgemEj9xBk1svo4eWjHgAOh/zyYlLf/wG+kZrixuK95+fSG+e2350hAeUFIh/baAjPjUmwBrc0tJEIZ6gTTWC2pYDgNtwekHLXDvlVXmVw+v7u/qiKi2ULvJWwq8y521jFaEX3W6pWhT3VCXwGFjVd4u10IN7bMBylXlTVNgzl1+win+jGzbITyv2Et/F2k6WGZ44LLVkfNEnd2+P+9G/2hIm3XwzQUD8YYvQ==\n",
                "username": "azureuser"
              }
            ],
            "admin_username": "azureuser",
            "allow_extension_operations": true,
            "availability_set_id": "",
            "boot_diagnostics": [],
            "bypass_platform_safety_checks_on_user_schedule_enabled": false,
            "capacity_reservation_group_id": "",
            "computer_name": "vm-0",
            "custom_data": "IyEvYmluL2Jhc2gKYXB0IHVwZGF0ZQphcHQgaW5zdGFsbCAteSBuZ2lueApob3N0bmFtZSA+IC92YXIvd3d3L2h0bWwvaW5kZXguaHRtbAo=",
            "dedicated_host_group_id": "",
            "dedicated_host_id": "",
            "disable_password_authentication": true,
            "disk_controller_type": "",
            "edge_zone": "",
            "encryption_at_host_enabled": false,
            "eviction_policy": "",
            "extensions_time_budget": "PT1H30M",
            "gallery_application": [],
            "id": "/subscriptions/d8469ee0-ecb0-4d5c-9771-552b86d5fb67/resourceGroups/rg-loadbalancer-demo/providers/Microsoft.Compute/virtualMachines/vm-0",
            "identity": [],
            "license_type": "",
            "location": "eastus",
            "max_bid_price": -1,
            "name": "vm-0",
            "network_interface_ids": [
              "/subscriptions/d8469ee0-ecb0-4d5c-9771-552b86d5fb67/resourceGroups/rg-loadbalancer-demo/providers/Microsoft.Network/networkInterfaces/nic-vm-0"
            ],
            "os_disk": [
              {
                "caching": "ReadWrite",
                "diff_disk_settings": [],
                "disk_encryption_set_id": "",
                "disk_size_gb": 30,
                "name": "vm-osdisk-0",
                "secure_vm_disk_encryption_set_id": "",
                "security_encryption_type": "",
                "storage_account_type": "Standard_LRS",
                "write_accelerator_enabled": false
              }
            ],
            "os_image_notification": [],
            "patch_assessment_mode": "ImageDefault",
            "patch_mode": "ImageDefault",
            "plan": [],
            "platform_fault_domain": -1,
            "priority": "Regular",
            "private_ip_address": "10.0.1.6",
            "private_ip_addresses": [
              "10.0.1.6"
            ],
            "provision_vm_agent": true,
            "proximity_placement_group_id": "",
            "public_ip_address": "",
            "public_ip_addresses": [],
            "reboot_setting": "",
            "resource_group_name": "rg-loadbalancer-demo",
            "secret": [],
            "secure_boot_enabled": false,
            "size": "Standard_B1s",
            "source_image_id": "",
            "source_image_reference": [
              {
                "offer": "0001-com-ubuntu-server-focal",
                "publisher": "Canonical",
                "sku": "20_04-lts",
                "version": "latest"
              }
            ],
            "tags": null,
            "termination_notification": null,
            "timeouts": null,
            "user_data": "",
            "virtual_machine_id": "8683c5d3-78ce-406e-8271-ee79b1cead08",
            "virtual_machine_scale_set_id": "",
            "vm_agent_platform_updates_enabled": false,
            "vtpm_enabled": false,
            "zone": ""
          },
          "sensitive_attributes": [],
          "private": "eyJlMmJmYjczMC1lY2FhLTExZTYtOGY4OC0zNDM2M2JjN2M0YzAiOnsiY3JlYXRlIjoyNzAwMDAwMDAwMDAwLCJkZWxldGUiOjI3MDAwMDAwMDAwMDAsInJlYWQiOjMwMDAwMDAwMDAwMCwidXBkYXRlIjoyNzAwMDAwMDAwMDAwfX0=",
          "dependencies": [
            "azurerm_network_interface.nic",
            "azurerm_resource_group.rg",
            "azurerm_subnet.subnet",
            "azurerm_virtual_network.vnet",
            "tls_private_key.ssh_key"
          ]
        },
        {
          "index_key": 1,
          "schema_version": 0,
          "attributes": {
            "additional_capabilities": [],
            "admin_password": null,
            "admin_ssh_key": [
              {
                "public_key": "ssh-rsa AAAAB3NzaC1yc2EAAAADAQABAAACAQDT5jr/mUCt11Tx6rplHJnJMUT9PjRE0jLCrc7T/V6D0RZY1lszdI4uYOZeTjIrQkcqu55PSDwDl6U78+O9UjbRW2OPY3IuxZDe7SRZFuav2jMT2NgvDXaVNz9Ij362zbFVjqN5A8XEFZHeR7NpoccQN607UVql9+3Vt+hXuefg0zqEF1/ZdnuTri2ejjpy9Ld5ukfN1ZT2AAoAbijD1sJBX0KcCDL3C6NS1aqQBtTXylKNq5nMcYGSaQFDhE4GtYeenbCSQWGmHB4XPqJjsMiey0KZ6tQ5TYFViy5wxZOfSX+OHok4g0oZugHrKXRSHWZgaywWSw+Omn1bwpQDX35E5AQ4AoKOmTGbYR2KNSREiOFdflfntCN84l1phzN/3P/gdciMDwbJ9qefIxs1Rz2x39yNzxe8qi0/Cr1OMjrLKoMu4ycxcvIo7ZvZK1s8+LmhfFqbmhgemEj9xBk1svo4eWjHgAOh/zyYlLf/wG+kZrixuK95+fSG+e2350hAeUFIh/baAjPjUmwBrc0tJEIZ6gTTWC2pYDgNtwekHLXDvlVXmVw+v7u/qiKi2ULvJWwq8y521jFaEX3W6pWhT3VCXwGFjVd4u10IN7bMBylXlTVNgzl1+win+jGzbITyv2Et/F2k6WGZ44LLVkfNEnd2+P+9G/2hIm3XwzQUD8YYvQ==\n",
                "username": "azureuser"
              }
            ],
            "admin_username": "azureuser",
            "allow_extension_operations": true,
            "availability_set_id": "",
            "boot_diagnostics": [],
            "bypass_platform_safety_checks_on_user_schedule_enabled": false,
            "capacity_reservation_group_id": "",
            "computer_name": "vm-1",
            "custom_data": "IyEvYmluL2Jhc2gKYXB0IHVwZGF0ZQphcHQgaW5zdGFsbCAteSBuZ2lueApob3N0bmFtZSA+IC92YXIvd3d3L2h0bWwvaW5kZXguaHRtbAo=",
            "dedicated_host_group_id": "",
            "dedicated_host_id": "",
            "disable_password_authentication": true,
            "disk_controller_type": "",
            "edge_zone": "",
            "encryption_at_host_enabled": false,
            "eviction_policy": "",
            "extensions_time_budget": "PT1H30M",
            "gallery_application": [],
            "id": "/subscriptions/d8469ee0-ecb0-4d5c-9771-552b86d5fb67/resourceGroups/rg-loadbalancer-demo/providers/Microsoft.Compute/virtualMachines/vm-1",
            "identity": [],
            "license_type": "",
            "location": "eastus",
            "max_bid_price": -1,
            "name": "vm-1",
            "network_interface_ids": [
              "/subscriptions/d8469ee0-ecb0-4d5c-9771-552b86d5fb67/resourceGroups/rg-loadbalancer-demo/providers/Microsoft.Network/networkInterfaces/nic-vm-1"
            ],
            "os_disk": [
              {
                "caching": "ReadWrite",
                "diff_disk_settings": [],
                "disk_encryption_set_id": "",
                "disk_size_gb": 30,
                "name": "vm-osdisk-1",
                "secure_vm_disk_encryption_set_id": "",
                "security_encryption_type": "",
                "storage_account_type": "Standard_LRS",
                "write_accelerator_enabled": false
              }
            ],
            "os_image_notification": [],
            "patch_assessment_mode": "ImageDefault",
            "patch_mode": "ImageDefault",
            "plan": [],
            "platform_fault_domain": -1,
            "priority": "Regular",
            "private_ip_address": "10.0.1.4",
            "private_ip_addresses": [
              "10.0.1.4"
            ],
            "provision_vm_agent": true,
            "proximity_placement_group_id": "",
            "public_ip_address": "",
            "public_ip_addresses": [],
            "reboot_setting": "",
            "resource_group_name": "rg-loadbalancer-demo",
            "secret": [],
            "secure_boot_enabled": false,
            "size": "Standard_B1s",
            "source_image_id": "",
            "source_image_reference": [
              {
                "offer": "0001-com-ubuntu-server-focal",
                "publisher": "Canonical",
                "sku": "20_04-lts",
                "version": "latest"
              }
            ],
            "tags": null,
            "termination_notification": null,
            "timeouts": null,
            "user_data": "",
            "virtual_machine_id": "06fbfc7e-ee25-4ae0-8b5c-7c6b7e93afa7",
            "virtual_machine_scale_set_id": "",
            "vm_agent_platform_updates_enabled": false,
            "vtpm_enabled": false,
            "zone": ""
          },
          "sensitive_attributes": [],
          "private": "eyJlMmJmYjczMC1lY2FhLTExZTYtOGY4OC0zNDM2M2JjN2M0YzAiOnsiY3JlYXRlIjoyNzAwMDAwMDAwMDAwLCJkZWxldGUiOjI3MDAwMDAwMDAwMDAsInJlYWQiOjMwMDAwMDAwMDAwMCwidXBkYXRlIjoyNzAwMDAwMDAwMDAwfX0=",
          "dependencies": [
            "azurerm_network_interface.nic",
            "azurerm_resource_group.rg",
            "azurerm_subnet.subnet",
            "azurerm_virtual_network.vnet",
            "tls_private_key.ssh_key"
          ]
        },
        {
          "index_key": 2,
          "schema_version": 0,
          "attributes": {
            "additional_capabilities": [],
            "admin_password": null,
            "admin_ssh_key": [
              {
                "public_key": "ssh-rsa AAAAB3NzaC1yc2EAAAADAQABAAACAQDT5jr/mUCt11Tx6rplHJnJMUT9PjRE0jLCrc7T/V6D0RZY1lszdI4uYOZeTjIrQkcqu55PSDwDl6U78+O9UjbRW2OPY3IuxZDe7SRZFuav2jMT2NgvDXaVNz9Ij362zbFVjqN5A8XEFZHeR7NpoccQN607UVql9+3Vt+hXuefg0zqEF1/ZdnuTri2ejjpy9Ld5ukfN1ZT2AAoAbijD1sJBX0KcCDL3C6NS1aqQBtTXylKNq5nMcYGSaQFDhE4GtYeenbCSQWGmHB4XPqJjsMiey0KZ6tQ5TYFViy5wxZOfSX+OHok4g0oZugHrKXRSHWZgaywWSw+Omn1bwpQDX35E5AQ4AoKOmTGbYR2KNSREiOFdflfntCN84l1phzN/3P/gdciMDwbJ9qefIxs1Rz2x39yNzxe8qi0/Cr1OMjrLKoMu4ycxcvIo7ZvZK1s8+LmhfFqbmhgemEj9xBk1svo4eWjHgAOh/zyYlLf/wG+kZrixuK95+fSG+e2350hAeUFIh/baAjPjUmwBrc0tJEIZ6gTTWC2pYDgNtwekHLXDvlVXmVw+v7u/qiKi2ULvJWwq8y521jFaEX3W6pWhT3VCXwGFjVd4u10IN7bMBylXlTVNgzl1+win+jGzbITyv2Et/F2k6WGZ44LLVkfNEnd2+P+9G/2hIm3XwzQUD8YYvQ==\n",
                "username": "azureuser"
              }
            ],
            "admin_username": "azureuser",
            "allow_extension_operations": true,
            "availability_set_id": "",
            "boot_diagnostics": [],
            "bypass_platform_safety_checks_on_user_schedule_enabled": false,
            "capacity_reservation_group_id": "",
            "computer_name": "vm-2",
            "custom_data": "IyEvYmluL2Jhc2gKYXB0IHVwZGF0ZQphcHQgaW5zdGFsbCAteSBuZ2lueApob3N0bmFtZSA+IC92YXIvd3d3L2h0bWwvaW5kZXguaHRtbAo=",
            "dedicated_host_group_id": "",
            "dedicated_host_id": "",
            "disable_password_authentication": true,
            "disk_controller_type": "",
            "edge_zone": "",
            "encryption_at_host_enabled": false,
            "eviction_policy": "",
            "extensions_time_budget": "PT1H30M",
            "gallery_application": [],
            "id": "/subscriptions/d8469ee0-ecb0-4d5c-9771-552b86d5fb67/resourceGroups/rg-loadbalancer-demo/providers/Microsoft.Compute/virtualMachines/vm-2",
            "identity": [],
            "license_type": "",
            "location": "eastus",
            "max_bid_price": -1,
            "name": "vm-2",
            "network_interface_ids": [
              "/subscriptions/d8469ee0-ecb0-4d5c-9771-552b86d5fb67/resourceGroups/rg-loadbalancer-demo/providers/Microsoft.Network/networkInterfaces/nic-vm-2"
            ],
            "os_disk": [
              {
                "caching": "ReadWrite",
                "diff_disk_settings": [],
                "disk_encryption_set_id": "",
                "disk_size_gb": 30,
                "name": "vm-osdisk-2",
                "secure_vm_disk_encryption_set_id": "",
                "security_encryption_type": "",
                "storage_account_type": "Standard_LRS",
                "write_accelerator_enabled": false
              }
            ],
            "os_image_notification": [],
            "patch_assessment_mode": "ImageDefault",
            "patch_mode": "ImageDefault",
            "plan": [],
            "platform_fault_domain": -1,
            "priority": "Regular",
            "private_ip_address": "10.0.1.5",
            "private_ip_addresses": [
              "10.0.1.5"
            ],
            "provision_vm_agent": true,
            "proximity_placement_group_id": "",
            "public_ip_address": "",
            "public_ip_addresses": [],
            "reboot_setting": "",
            "resource_group_name": "rg-loadbalancer-demo",
            "secret": [],
            "secure_boot_enabled": false,
            "size": "Standard_B1s",
            "source_image_id": "",
            "source_image_reference": [
              {
                "offer": "0001-com-ubuntu-server-focal",
                "publisher": "Canonical",
                "sku": "20_04-lts",
                "version": "latest"
              }
            ],
            "tags": null,
            "termination_notification": null,
            "timeouts": null,
            "user_data": "",
            "virtual_machine_id": "d4b5d5aa-fbb1-418b-a6e0-b6c7b4353b66",
            "virtual_machine_scale_set_id": "",
            "vm_agent_platform_updates_enabled": false,
            "vtpm_enabled": false,
            "zone": ""
          },
          "sensitive_attributes": [],
          "private": "eyJlMmJmYjczMC1lY2FhLTExZTYtOGY4OC0zNDM2M2JjN2M0YzAiOnsiY3JlYXRlIjoyNzAwMDAwMDAwMDAwLCJkZWxldGUiOjI3MDAwMDAwMDAwMDAsInJlYWQiOjMwMDAwMDAwMDAwMCwidXBkYXRlIjoyNzAwMDAwMDAwMDAwfX0=",
          "dependencies": [
            "azurerm_network_interface.nic",
            "azurerm_resource_group.rg",
            "azurerm_subnet.subnet",
            "azurerm_virtual_network.vnet",
            "tls_private_key.ssh_key"
          ]
        }
      ]
    },
    {
      "mode": "managed",
      "type": "azurerm_network_interface",
      "name": "nic",
      "provider": "provider[\"registry.terraform.io/hashicorp/azurerm\"]",
      "instances": [
        {
          "index_key": 0,
          "schema_version": 0,
          "attributes": {
            "accelerated_networking_enabled": false,
            "applied_dns_servers": [],
            "auxiliary_mode": "",
            "auxiliary_sku": "",
            "dns_servers": [],
            "edge_zone": "",
            "enable_accelerated_networking": false,
            "enable_ip_forwarding": false,
            "id": "/subscriptions/d8469ee0-ecb0-4d5c-9771-552b86d5fb67/resourceGroups/rg-loadbalancer-demo/providers/Microsoft.Network/networkInterfaces/nic-vm-0",
            "internal_dns_name_label": "",
            "internal_domain_name_suffix": "qmabdpsz0i3ezahjiipadciqhg.bx.internal.cloudapp.net",
            "ip_configuration": [
              {
                "gateway_load_balancer_frontend_ip_configuration_id": "",
                "name": "ipconfig",
                "primary": true,
                "private_ip_address": "10.0.1.6",
                "private_ip_address_allocation": "Dynamic",
                "private_ip_address_version": "IPv4",
                "public_ip_address_id": "",
                "subnet_id": "/subscriptions/d8469ee0-ecb0-4d5c-9771-552b86d5fb67/resourceGroups/rg-loadbalancer-demo/providers/Microsoft.Network/virtualNetworks/vnet-lb/subnets/subnet-lb"
              }
            ],
            "ip_forwarding_enabled": false,
            "location": "eastus",
            "mac_address": "",
            "name": "nic-vm-0",
            "private_ip_address": "10.0.1.6",
            "private_ip_addresses": [
              "10.0.1.6"
            ],
            "resource_group_name": "rg-loadbalancer-demo",
            "tags": null,
            "timeouts": null,
            "virtual_machine_id": ""
          },
          "sensitive_attributes": [],
          "private": "eyJlMmJmYjczMC1lY2FhLTExZTYtOGY4OC0zNDM2M2JjN2M0YzAiOnsiY3JlYXRlIjoxODAwMDAwMDAwMDAwLCJkZWxldGUiOjE4MDAwMDAwMDAwMDAsInJlYWQiOjMwMDAwMDAwMDAwMCwidXBkYXRlIjoxODAwMDAwMDAwMDAwfX0=",
          "dependencies": [
            "azurerm_resource_group.rg",
            "azurerm_subnet.subnet",
            "azurerm_virtual_network.vnet"
          ]
        },
        {
          "index_key": 1,
          "schema_version": 0,
          "attributes": {
            "accelerated_networking_enabled": false,
            "applied_dns_servers": [],
            "auxiliary_mode": "",
            "auxiliary_sku": "",
            "dns_servers": [],
            "edge_zone": "",
            "enable_accelerated_networking": false,
            "enable_ip_forwarding": false,
            "id": "/subscriptions/d8469ee0-ecb0-4d5c-9771-552b86d5fb67/resourceGroups/rg-loadbalancer-demo/providers/Microsoft.Network/networkInterfaces/nic-vm-1",
            "internal_dns_name_label": "",
            "internal_domain_name_suffix": "qmabdpsz0i3ezahjiipadciqhg.bx.internal.cloudapp.net",
            "ip_configuration": [
              {
                "gateway_load_balancer_frontend_ip_configuration_id": "",
                "name": "ipconfig",
                "primary": true,
                "private_ip_address": "10.0.1.4",
                "private_ip_address_allocation": "Dynamic",
                "private_ip_address_version": "IPv4",
                "public_ip_address_id": "",
                "subnet_id": "/subscriptions/d8469ee0-ecb0-4d5c-9771-552b86d5fb67/resourceGroups/rg-loadbalancer-demo/providers/Microsoft.Network/virtualNetworks/vnet-lb/subnets/subnet-lb"
              }
            ],
            "ip_forwarding_enabled": false,
            "location": "eastus",
            "mac_address": "",
            "name": "nic-vm-1",
            "private_ip_address": "10.0.1.4",
            "private_ip_addresses": [
              "10.0.1.4"
            ],
            "resource_group_name": "rg-loadbalancer-demo",
            "tags": null,
            "timeouts": null,
            "virtual_machine_id": ""
          },
          "sensitive_attributes": [],
          "private": "eyJlMmJmYjczMC1lY2FhLTExZTYtOGY4OC0zNDM2M2JjN2M0YzAiOnsiY3JlYXRlIjoxODAwMDAwMDAwMDAwLCJkZWxldGUiOjE4MDAwMDAwMDAwMDAsInJlYWQiOjMwMDAwMDAwMDAwMCwidXBkYXRlIjoxODAwMDAwMDAwMDAwfX0=",
          "dependencies": [
            "azurerm_resource_group.rg",
            "azurerm_subnet.subnet",
            "azurerm_virtual_network.vnet"
          ]
        },
        {
          "index_key": 2,
          "schema_version": 0,
          "attributes": {
            "accelerated_networking_enabled": false,
            "applied_dns_servers": [],
            "auxiliary_mode": "",
            "auxiliary_sku": "",
            "dns_servers": [],
            "edge_zone": "",
            "enable_accelerated_networking": false,
            "enable_ip_forwarding": false,
            "id": "/subscriptions/d8469ee0-ecb0-4d5c-9771-552b86d5fb67/resourceGroups/rg-loadbalancer-demo/providers/Microsoft.Network/networkInterfaces/nic-vm-2",
            "internal_dns_name_label": "",
            "internal_domain_name_suffix": "qmabdpsz0i3ezahjiipadciqhg.bx.internal.cloudapp.net",
            "ip_configuration": [
              {
                "gateway_load_balancer_frontend_ip_configuration_id": "",
                "name": "ipconfig",
                "primary": true,
                "private_ip_address": "10.0.1.5",
                "private_ip_address_allocation": "Dynamic",
                "private_ip_address_version": "IPv4",
                "public_ip_address_id": "",
                "subnet_id": "/subscriptions/d8469ee0-ecb0-4d5c-9771-552b86d5fb67/resourceGroups/rg-loadbalancer-demo/providers/Microsoft.Network/virtualNetworks/vnet-lb/subnets/subnet-lb"
              }
            ],
            "ip_forwarding_enabled": false,
            "location": "eastus",
            "mac_address": "",
            "name": "nic-vm-2",
            "private_ip_address": "10.0.1.5",
            "private_ip_addresses": [
              "10.0.1.5"
            ],
            "resource_group_name": "rg-loadbalancer-demo",
            "tags": null,
            "timeouts": null,
            "virtual_machine_id": ""
          },
          "sensitive_attributes": [],
          "private": "eyJlMmJmYjczMC1lY2FhLTExZTYtOGY4OC0zNDM2M2JjN2M0YzAiOnsiY3JlYXRlIjoxODAwMDAwMDAwMDAwLCJkZWxldGUiOjE4MDAwMDAwMDAwMDAsInJlYWQiOjMwMDAwMDAwMDAwMCwidXBkYXRlIjoxODAwMDAwMDAwMDAwfX0=",
          "dependencies": [
            "azurerm_resource_group.rg",
            "azurerm_subnet.subnet",
            "azurerm_virtual_network.vnet"
          ]
        }
      ]
    },
    {
      "mode": "managed",
      "type": "azurerm_network_interface_backend_address_pool_association",
      "name": "nic_lb_association",
      "provider": "provider[\"registry.terraform.io/hashicorp/azurerm\"]",
      "instances": [
        {
          "index_key": 0,
          "schema_version": 0,
          "attributes": {
            "backend_address_pool_id": "/subscriptions/d8469ee0-ecb0-4d5c-9771-552b86d5fb67/resourceGroups/rg-loadbalancer-demo/providers/Microsoft.Network/loadBalancers/demo-loadbalancer/backendAddressPools/backendpool",
            "id": "/subscriptions/d8469ee0-ecb0-4d5c-9771-552b86d5fb67/resourceGroups/rg-loadbalancer-demo/providers/Microsoft.Network/networkInterfaces/nic-vm-0/ipConfigurations/ipconfig|/subscriptions/d8469ee0-ecb0-4d5c-9771-552b86d5fb67/resourceGroups/rg-loadbalancer-demo/providers/Microsoft.Network/loadBalancers/demo-loadbalancer/backendAddressPools/backendpool",
            "ip_configuration_name": "ipconfig",
            "network_interface_id": "/subscriptions/d8469ee0-ecb0-4d5c-9771-552b86d5fb67/resourceGroups/rg-loadbalancer-demo/providers/Microsoft.Network/networkInterfaces/nic-vm-0",
            "timeouts": null
          },
          "sensitive_attributes": [],
          "private": "eyJlMmJmYjczMC1lY2FhLTExZTYtOGY4OC0zNDM2M2JjN2M0YzAiOnsiY3JlYXRlIjoxODAwMDAwMDAwMDAwLCJkZWxldGUiOjE4MDAwMDAwMDAwMDAsInJlYWQiOjMwMDAwMDAwMDAwMH19",
          "dependencies": [
            "azurerm_lb.loadbalancer",
            "azurerm_lb_backend_address_pool.bepool",
            "azurerm_network_interface.nic",
            "azurerm_public_ip.lb_public_ip",
            "azurerm_resource_group.rg",
            "azurerm_subnet.subnet",
            "azurerm_virtual_network.vnet"
          ]
        },
        {
          "index_key": 1,
          "schema_version": 0,
          "attributes": {
            "backend_address_pool_id": "/subscriptions/d8469ee0-ecb0-4d5c-9771-552b86d5fb67/resourceGroups/rg-loadbalancer-demo/providers/Microsoft.Network/loadBalancers/demo-loadbalancer/backendAddressPools/backendpool",
            "id": "/subscriptions/d8469ee0-ecb0-4d5c-9771-552b86d5fb67/resourceGroups/rg-loadbalancer-demo/providers/Microsoft.Network/networkInterfaces/nic-vm-1/ipConfigurations/ipconfig|/subscriptions/d8469ee0-ecb0-4d5c-9771-552b86d5fb67/resourceGroups/rg-loadbalancer-demo/providers/Microsoft.Network/loadBalancers/demo-loadbalancer/backendAddressPools/backendpool",
            "ip_configuration_name": "ipconfig",
            "network_interface_id": "/subscriptions/d8469ee0-ecb0-4d5c-9771-552b86d5fb67/resourceGroups/rg-loadbalancer-demo/providers/Microsoft.Network/networkInterfaces/nic-vm-1",
            "timeouts": null
          },
          "sensitive_attributes": [],
          "private": "eyJlMmJmYjczMC1lY2FhLTExZTYtOGY4OC0zNDM2M2JjN2M0YzAiOnsiY3JlYXRlIjoxODAwMDAwMDAwMDAwLCJkZWxldGUiOjE4MDAwMDAwMDAwMDAsInJlYWQiOjMwMDAwMDAwMDAwMH19",
          "dependencies": [
            "azurerm_lb.loadbalancer",
            "azurerm_lb_backend_address_pool.bepool",
            "azurerm_network_interface.nic",
            "azurerm_public_ip.lb_public_ip",
            "azurerm_resource_group.rg",
            "azurerm_subnet.subnet",
            "azurerm_virtual_network.vnet"
          ]
        },
        {
          "index_key": 2,
          "schema_version": 0,
          "attributes": {
            "backend_address_pool_id": "/subscriptions/d8469ee0-ecb0-4d5c-9771-552b86d5fb67/resourceGroups/rg-loadbalancer-demo/providers/Microsoft.Network/loadBalancers/demo-loadbalancer/backendAddressPools/backendpool",
            "id": "/subscriptions/d8469ee0-ecb0-4d5c-9771-552b86d5fb67/resourceGroups/rg-loadbalancer-demo/providers/Microsoft.Network/networkInterfaces/nic-vm-2/ipConfigurations/ipconfig|/subscriptions/d8469ee0-ecb0-4d5c-9771-552b86d5fb67/resourceGroups/rg-loadbalancer-demo/providers/Microsoft.Network/loadBalancers/demo-loadbalancer/backendAddressPools/backendpool",
            "ip_configuration_name": "ipconfig",
            "network_interface_id": "/subscriptions/d8469ee0-ecb0-4d5c-9771-552b86d5fb67/resourceGroups/rg-loadbalancer-demo/providers/Microsoft.Network/networkInterfaces/nic-vm-2",
            "timeouts": null
          },
          "sensitive_attributes": [],
          "private": "eyJlMmJmYjczMC1lY2FhLTExZTYtOGY4OC0zNDM2M2JjN2M0YzAiOnsiY3JlYXRlIjoxODAwMDAwMDAwMDAwLCJkZWxldGUiOjE4MDAwMDAwMDAwMDAsInJlYWQiOjMwMDAwMDAwMDAwMH19",
          "dependencies": [
            "azurerm_lb.loadbalancer",
            "azurerm_lb_backend_address_pool.bepool",
            "azurerm_network_interface.nic",
            "azurerm_public_ip.lb_public_ip",
            "azurerm_resource_group.rg",
            "azurerm_subnet.subnet",
            "azurerm_virtual_network.vnet"
          ]
        }
      ]
    },
    {
      "mode": "managed",
      "type": "azurerm_network_interface_security_group_association",
      "name": "nic_nsg",
      "provider": "provider[\"registry.terraform.io/hashicorp/azurerm\"]",
      "instances": [
        {
          "index_key": 0,
          "schema_version": 0,
          "attributes": {
            "id": "/subscriptions/d8469ee0-ecb0-4d5c-9771-552b86d5fb67/resourceGroups/rg-loadbalancer-demo/providers/Microsoft.Network/networkInterfaces/nic-vm-0|/subscriptions/d8469ee0-ecb0-4d5c-9771-552b86d5fb67/resourceGroups/rg-loadbalancer-demo/providers/Microsoft.Network/networkSecurityGroups/nsg-lb",
            "network_interface_id": "/subscriptions/d8469ee0-ecb0-4d5c-9771-552b86d5fb67/resourceGroups/rg-loadbalancer-demo/providers/Microsoft.Network/networkInterfaces/nic-vm-0",
            "network_security_group_id": "/subscriptions/d8469ee0-ecb0-4d5c-9771-552b86d5fb67/resourceGroups/rg-loadbalancer-demo/providers/Microsoft.Network/networkSecurityGroups/nsg-lb",
            "timeouts": null
          },
          "sensitive_attributes": [],
          "private": "eyJlMmJmYjczMC1lY2FhLTExZTYtOGY4OC0zNDM2M2JjN2M0YzAiOnsiY3JlYXRlIjoxODAwMDAwMDAwMDAwLCJkZWxldGUiOjE4MDAwMDAwMDAwMDAsInJlYWQiOjMwMDAwMDAwMDAwMH19",
          "dependencies": [
            "azurerm_network_interface.nic",
            "azurerm_network_security_group.nsg",
            "azurerm_resource_group.rg",
            "azurerm_subnet.subnet",
            "azurerm_virtual_network.vnet"
          ]
        },
        {
          "index_key": 1,
          "schema_version": 0,
          "attributes": {
            "id": "/subscriptions/d8469ee0-ecb0-4d5c-9771-552b86d5fb67/resourceGroups/rg-loadbalancer-demo/providers/Microsoft.Network/networkInterfaces/nic-vm-1|/subscriptions/d8469ee0-ecb0-4d5c-9771-552b86d5fb67/resourceGroups/rg-loadbalancer-demo/providers/Microsoft.Network/networkSecurityGroups/nsg-lb",
            "network_interface_id": "/subscriptions/d8469ee0-ecb0-4d5c-9771-552b86d5fb67/resourceGroups/rg-loadbalancer-demo/providers/Microsoft.Network/networkInterfaces/nic-vm-1",
            "network_security_group_id": "/subscriptions/d8469ee0-ecb0-4d5c-9771-552b86d5fb67/resourceGroups/rg-loadbalancer-demo/providers/Microsoft.Network/networkSecurityGroups/nsg-lb",
            "timeouts": null
          },
          "sensitive_attributes": [],
          "private": "eyJlMmJmYjczMC1lY2FhLTExZTYtOGY4OC0zNDM2M2JjN2M0YzAiOnsiY3JlYXRlIjoxODAwMDAwMDAwMDAwLCJkZWxldGUiOjE4MDAwMDAwMDAwMDAsInJlYWQiOjMwMDAwMDAwMDAwMH19",
          "dependencies": [
            "azurerm_network_interface.nic",
            "azurerm_network_security_group.nsg",
            "azurerm_resource_group.rg",
            "azurerm_subnet.subnet",
            "azurerm_virtual_network.vnet"
          ]
        },
        {
          "index_key": 2,
          "schema_version": 0,
          "attributes": {
            "id": "/subscriptions/d8469ee0-ecb0-4d5c-9771-552b86d5fb67/resourceGroups/rg-loadbalancer-demo/providers/Microsoft.Network/networkInterfaces/nic-vm-2|/subscriptions/d8469ee0-ecb0-4d5c-9771-552b86d5fb67/resourceGroups/rg-loadbalancer-demo/providers/Microsoft.Network/networkSecurityGroups/nsg-lb",
            "network_interface_id": "/subscriptions/d8469ee0-ecb0-4d5c-9771-552b86d5fb67/resourceGroups/rg-loadbalancer-demo/providers/Microsoft.Network/networkInterfaces/nic-vm-2",
            "network_security_group_id": "/subscriptions/d8469ee0-ecb0-4d5c-9771-552b86d5fb67/resourceGroups/rg-loadbalancer-demo/providers/Microsoft.Network/networkSecurityGroups/nsg-lb",
            "timeouts": null
          },
          "sensitive_attributes": [],
          "private": "eyJlMmJmYjczMC1lY2FhLTExZTYtOGY4OC0zNDM2M2JjN2M0YzAiOnsiY3JlYXRlIjoxODAwMDAwMDAwMDAwLCJkZWxldGUiOjE4MDAwMDAwMDAwMDAsInJlYWQiOjMwMDAwMDAwMDAwMH19",
          "dependencies": [
            "azurerm_network_interface.nic",
            "azurerm_network_security_group.nsg",
            "azurerm_resource_group.rg",
            "azurerm_subnet.subnet",
            "azurerm_virtual_network.vnet"
          ]
        }
      ]
    },
    {
      "mode": "managed",
      "type": "azurerm_network_security_group",
      "name": "nsg",
      "provider": "provider[\"registry.terraform.io/hashicorp/azurerm\"]",
      "instances": [
        {
          "schema_version": 0,
          "attributes": {
            "id": "/subscriptions/d8469ee0-ecb0-4d5c-9771-552b86d5fb67/resourceGroups/rg-loadbalancer-demo/providers/Microsoft.Network/networkSecurityGroups/nsg-lb",
            "location": "eastus",
            "name": "nsg-lb",
            "resource_group_name": "rg-loadbalancer-demo",
            "security_rule": [
              {
                "access": "Allow",
                "description": "",
                "destination_address_prefix": "*",
                "destination_address_prefixes": [],
                "destination_application_security_group_ids": [],
                "destination_port_range": "22",
                "destination_port_ranges": [],
                "direction": "Inbound",
                "name": "Allow-SSH",
                "priority": 101,
                "protocol": "Tcp",
                "source_address_prefix": "*",
                "source_address_prefixes": [],
                "source_application_security_group_ids": [],
                "source_port_range": "*",
                "source_port_ranges": []
              },
              {
                "access": "Allow",
                "description": "",
                "destination_address_prefix": "*",
                "destination_address_prefixes": [],
                "destination_application_security_group_ids": [],
                "destination_port_range": "80",
                "destination_port_ranges": [],
                "direction": "Inbound",
                "name": "Allow-HTTP",
                "priority": 100,
                "protocol": "Tcp",
                "source_address_prefix": "*",
                "source_address_prefixes": [],
                "source_application_security_group_ids": [],
                "source_port_range": "*",
                "source_port_ranges": []
              }
            ],
            "tags": null,
            "timeouts": null
          },
          "sensitive_attributes": [],
          "private": "eyJlMmJmYjczMC1lY2FhLTExZTYtOGY4OC0zNDM2M2JjN2M0YzAiOnsiY3JlYXRlIjoxODAwMDAwMDAwMDAwLCJkZWxldGUiOjE4MDAwMDAwMDAwMDAsInJlYWQiOjMwMDAwMDAwMDAwMCwidXBkYXRlIjoxODAwMDAwMDAwMDAwfX0=",
          "dependencies": [
            "azurerm_resource_group.rg"
          ]
        }
      ]
    },
    {
      "mode": "managed",
      "type": "azurerm_public_ip",
      "name": "lb_public_ip",
      "provider": "provider[\"registry.terraform.io/hashicorp/azurerm\"]",
      "instances": [
        {
          "schema_version": 0,
          "attributes": {
            "allocation_method": "Static",
            "ddos_protection_mode": "VirtualNetworkInherited",
            "ddos_protection_plan_id": null,
            "domain_name_label": null,
            "edge_zone": "",
            "fqdn": null,
            "id": "/subscriptions/d8469ee0-ecb0-4d5c-9771-552b86d5fb67/resourceGroups/rg-loadbalancer-demo/providers/Microsoft.Network/publicIPAddresses/lb-public-ip",
            "idle_timeout_in_minutes": 4,
            "ip_address": "4.227.234.137",
            "ip_tags": null,
            "ip_version": "IPv4",
            "location": "eastus",
            "name": "lb-public-ip",
            "public_ip_prefix_id": null,
            "resource_group_name": "rg-loadbalancer-demo",
            "reverse_fqdn": null,
            "sku": "Standard",
            "sku_tier": "Regional",
            "tags": null,
            "timeouts": null,
            "zones": null
          },
          "sensitive_attributes": [],
          "private": "eyJlMmJmYjczMC1lY2FhLTExZTYtOGY4OC0zNDM2M2JjN2M0YzAiOnsiY3JlYXRlIjoxODAwMDAwMDAwMDAwLCJkZWxldGUiOjE4MDAwMDAwMDAwMDAsInJlYWQiOjMwMDAwMDAwMDAwMCwidXBkYXRlIjoxODAwMDAwMDAwMDAwfX0=",
          "dependencies": [
            "azurerm_resource_group.rg"
          ]
        }
      ]
    },
    {
      "mode": "managed",
      "type": "azurerm_resource_group",
      "name": "rg",
      "provider": "provider[\"registry.terraform.io/hashicorp/azurerm\"]",
      "instances": [
        {
          "schema_version": 0,
          "attributes": {
            "id": "/subscriptions/d8469ee0-ecb0-4d5c-9771-552b86d5fb67/resourceGroups/rg-loadbalancer-demo",
            "location": "eastus",
            "managed_by": "",
            "name": "rg-loadbalancer-demo",
            "tags": null,
            "timeouts": null
          },
          "sensitive_attributes": [],
          "private": "eyJlMmJmYjczMC1lY2FhLTExZTYtOGY4OC0zNDM2M2JjN2M0YzAiOnsiY3JlYXRlIjo1NDAwMDAwMDAwMDAwLCJkZWxldGUiOjU0MDAwMDAwMDAwMDAsInJlYWQiOjMwMDAwMDAwMDAwMCwidXBkYXRlIjo1NDAwMDAwMDAwMDAwfX0="
        }
      ]
    },
    {
      "mode": "managed",
      "type": "azurerm_subnet",
      "name": "subnet",
      "provider": "provider[\"registry.terraform.io/hashicorp/azurerm\"]",
      "instances": [
        {
          "schema_version": 0,
          "attributes": {
            "address_prefixes": [
              "10.0.1.0/24"
            ],
            "default_outbound_access_enabled": true,
            "delegation": [],
            "enforce_private_link_endpoint_network_policies": false,
            "enforce_private_link_service_network_policies": false,
            "id": "/subscriptions/d8469ee0-ecb0-4d5c-9771-552b86d5fb67/resourceGroups/rg-loadbalancer-demo/providers/Microsoft.Network/virtualNetworks/vnet-lb/subnets/subnet-lb",
            "name": "subnet-lb",
            "private_endpoint_network_policies": "Enabled",
            "private_endpoint_network_policies_enabled": true,
            "private_link_service_network_policies_enabled": true,
            "resource_group_name": "rg-loadbalancer-demo",
            "service_endpoint_policy_ids": null,
            "service_endpoints": null,
            "timeouts": null,
            "virtual_network_name": "vnet-lb"
          },
          "sensitive_attributes": [],
          "private": "eyJlMmJmYjczMC1lY2FhLTExZTYtOGY4OC0zNDM2M2JjN2M0YzAiOnsiY3JlYXRlIjoxODAwMDAwMDAwMDAwLCJkZWxldGUiOjE4MDAwMDAwMDAwMDAsInJlYWQiOjMwMDAwMDAwMDAwMCwidXBkYXRlIjoxODAwMDAwMDAwMDAwfX0=",
          "dependencies": [
            "azurerm_resource_group.rg",
            "azurerm_virtual_network.vnet"
          ]
        }
      ]
    },
    {
      "mode": "managed",
      "type": "azurerm_virtual_network",
      "name": "vnet",
      "provider": "provider[\"registry.terraform.io/hashicorp/azurerm\"]",
      "instances": [
        {
          "schema_version": 0,
          "attributes": {
            "address_space": [
              "10.0.0.0/16"
            ],
            "bgp_community": "",
            "ddos_protection_plan": [],
            "dns_servers": [],
            "edge_zone": "",
            "encryption": [],
            "flow_timeout_in_minutes": 0,
            "guid": "be110083-d259-4c3a-80e9-421e0189103e",
            "id": "/subscriptions/d8469ee0-ecb0-4d5c-9771-552b86d5fb67/resourceGroups/rg-loadbalancer-demo/providers/Microsoft.Network/virtualNetworks/vnet-lb",
            "location": "eastus",
            "name": "vnet-lb",
            "resource_group_name": "rg-loadbalancer-demo",
            "subnet": [],
            "tags": null,
            "timeouts": null
          },
          "sensitive_attributes": [],
          "private": "eyJlMmJmYjczMC1lY2FhLTExZTYtOGY4OC0zNDM2M2JjN2M0YzAiOnsiY3JlYXRlIjoxODAwMDAwMDAwMDAwLCJkZWxldGUiOjE4MDAwMDAwMDAwMDAsInJlYWQiOjMwMDAwMDAwMDAwMCwidXBkYXRlIjoxODAwMDAwMDAwMDAwfX0=",
          "dependencies": [
            "azurerm_resource_group.rg"
          ]
        }
      ]
    },
    {
      "mode": "managed",
      "type": "tls_private_key",
      "name": "ssh_key",
      "provider": "provider[\"registry.terraform.io/hashicorp/tls\"]",
      "instances": [
        {
          "schema_version": 1,
          "attributes": {
            "algorithm": "RSA",
            "ecdsa_curve": "P224",
            "id": "e6a6e302570ea73ef5216b9f310e263faed263d0",
            "private_key_openssh": "-----BEGIN OPENSSH PRIVATE KEY-----\nb3BlbnNzaC1rZXktdjEAAAAABG5vbmUAAAAEbm9uZQAAAAAAAAABAAACFwAAAAdz\nc2gtcnNhAAAAAwEAAQAAAgEA0+Y6/5lArddU8eq6ZRyZyTFE/T40RNIywq3O0/1e\ng9EWWNZbM3SOLmDmXk4yK0JHKrueT0g8A5elO/PjvVI20Vtjj2NyLsWQ3u0kWRbm\nr9ozE9jYLw12lTc/SI9+ts2xVY6jeQPFxBWR3kezaaHHEDetO1Fapfft1bfoV7nn\n4NM6hBdf2XZ7k64tno46cvS3ebpHzdWU9gAKAG4ow9bCQV9CnAgy9wujUtWqkAbU\n18pSjauZzHGBkmkBQ4ROBrWHnp2wkkFhphweFz6iY7DInstCmerUOU2BVYsucMWT\nn0l/jh6JOINKGboB6yl0Uh1mYGssFksPjpp9W8KUA19+ROQEOAKCjpkxm2EdijUk\nRIjhXX5X57QjfOJdaYczf9z/4HXIjA8GyfannyMbNUc9sd/cjc8XvKotPwq9TjI6\nyyqDLuMnMXLyKO2b2StbPPi5oXxam5oYHphI/cQZNbL6OHlox4ADof88mJS3/8Bv\npGa4sbivefn0hvntt+dIQHlBSIf22gIz41JsAa3NLSRCGeoE01gtqWA4DbcHpBy1\nw75VV5lcPr+7v6oiotlC7yVsKvMudtYxWhF91uqVoU91Ql8BhY1XeLtdCDe2zAcp\nV5U1TYM5dfsIp/oxs2yE8r9hLfxdpOlhmeOCy1ZHzRJ3dvj/vRv9oSJt18M0FA/G\nGL0AAAc4erraKnq62ioAAAAHc3NoLXJzYQAAAgEA0+Y6/5lArddU8eq6ZRyZyTFE\n/T40RNIywq3O0/1eg9EWWNZbM3SOLmDmXk4yK0JHKrueT0g8A5elO/PjvVI20Vtj\nj2NyLsWQ3u0kWRbmr9ozE9jYLw12lTc/SI9+ts2xVY6jeQPFxBWR3kezaaHHEDet\nO1Fapfft1bfoV7nn4NM6hBdf2XZ7k64tno46cvS3ebpHzdWU9gAKAG4ow9bCQV9C\nnAgy9wujUtWqkAbU18pSjauZzHGBkmkBQ4ROBrWHnp2wkkFhphweFz6iY7DInstC\nmerUOU2BVYsucMWTn0l/jh6JOINKGboB6yl0Uh1mYGssFksPjpp9W8KUA19+ROQE\nOAKCjpkxm2EdijUkRIjhXX5X57QjfOJdaYczf9z/4HXIjA8GyfannyMbNUc9sd/c\njc8XvKotPwq9TjI6yyqDLuMnMXLyKO2b2StbPPi5oXxam5oYHphI/cQZNbL6OHlo\nx4ADof88mJS3/8BvpGa4sbivefn0hvntt+dIQHlBSIf22gIz41JsAa3NLSRCGeoE\n01gtqWA4DbcHpBy1w75VV5lcPr+7v6oiotlC7yVsKvMudtYxWhF91uqVoU91Ql8B\nhY1XeLtdCDe2zAcpV5U1TYM5dfsIp/oxs2yE8r9hLfxdpOlhmeOCy1ZHzRJ3dvj/\nvRv9oSJt18M0FA/GGL0AAAADAQABAAACABaqT7E7UUHHAJ0HwHxEPObaUEjOOIUL\n/sX4FWFzfoKXAM7rzsGIPBUV5E4+Cvu5kScu/lX4ogK4W8I36io7+wUVw2Z4+qOq\nGj7eGr80xeQVcNU0opsV05NOX4SBZMpk4g0GvtGY57R7oiimfrhTx5kie3MW1p1e\nEaCElWOczQKtVVr/rQ7zr3Ayd0q4Z+QX7PAmTrvjlpVhl7BIGDAqbojTiapq7hii\ntAuOMzpIoMecKoxgyIins3ZXqPzxz+7DyAfdUh+ywqEj7MwLtQ74v9zMXQldpumi\nMq1Vv9fsKkglcnFfLspOsMRjswTWYEzQPD0f+Y1A5h8Yw0PnYjGiKz09Ww1JP6ml\nUN/HdwXW/dHJxvlj5tTZTMPeuwh3Fxkh8vsXjYn73DHCQYLX34S+LTBAtPCQ6ed/\nWsv0V5LcsNFCZ6Dj5Arc7v/nbyj5VG3iJ1zmETIYx988dnQQZes5zQjWuR5WQdlL\nrZHmbVeDmeXUgXPkIbAh7oKHHGj6lMxIx+xh8Acsqew6e/exeO5c+qQotpaKORm3\ncqOaTX50+YU+N077aFxg7bAf2WgAophcGzBQVtpCRNWHsqySP1/d1qt8kxAyAg4y\n1SbTUvjQ98PR3FiJrzdYpFS5w394CGyqtEX8ZuR9B0iggc28aUG0Dbsvcslxuq0p\nT4whxwAbUC/5AAABAQC0ur9alUEn76j+6wK29VGbZ4OXJlNsZ6G8Zcy/QwZ82nJn\nUoY34kPsJWR2JDDMv6v3oyaVPdLAH9v08ijCXFSEhk+DSOpeKXhsLeR+azBDPiZc\nLM3JJ3yYgYqYyKJKDk0DEFYoj2yFsP+Wg1CoZA4+kGAowKEGxI8ARdwTDkMT8MuG\nNDw/wea0f6vv/Z07n+iO2sCukaH5YCElYSluEWm7MgmrIwWcbqjSlaJEyy39Zb70\n/B+I4TwADpvEMp2DxVmqxZHVO+lF5Ua5YR1EGenPbw6A8O6nSyJ0xkEtxvgDB074\nQo9KSbJ8qFKh4ZIpIOwIfVfIfSFVRD0COFYhTHdCAAABAQDoGL8e4jyw9bT49f7i\nKoa+Wudy6pdQWmDvRaT3o+pRuNX0H+GTDXrVWwPPLukNEwSjiUzkiyAkA/pSOWRm\nvoaT+x5ZJcnXMQ1FX1LhFCWpgFEK03eIxhpkkhqxbnDnbXPQEWoF25ed89m9z9it\n/nwiHGaWWFP1akSdHuA9EIliE2D38XWP+Eo5r25JQggaEbbNgP58J2DdnYxkBE1H\nptmsXYcAYB7Z+dsjaN8MZZ1fN0R5y2Mh0TGPHT4GHuq0L02XYqbiCsC8+txZH2wD\n7mhOJhuYwx6nKoXHKvMtJjAp8QAeltDWZAfZnkkP1CMOuUlneoGqJmbvWnanxAJn\niYnvAAABAQDpuPqq6ej89TtWmI9p7A4Ai8AS3mxb1qbQcIn6uW1VqcBHpKpu5Lnl\nXH0vdq7p06wSI3Cdn14HuIWu9ueqxp958OaPOu55k8snI3Ubs2+XfItVVOJoKhBQ\nbgxhsgNmPGcI80N/jfITUglpcyWmXdKm8lGA8M/YntbdGjcEWvYQq9p+Z16T78Bg\nYVgbHfVGoNMtEULmHfMuYIwZfd69ZQTP2RhLloksBJyG9j8DxIXl6/4VNWfzOMw+\nAX3C8OcPT9dMv+2aWHhq8UQsh+LA9oq3mwyXkpHDe3tNh/vv6Hw02NFyq41y5f3Z\n4/0ePo+ZkMadNSY+ouY0qBspM2DRyOQTAAAAAAEC\n-----END OPENSSH PRIVATE KEY-----\n",
            "private_key_pem": "-----BEGIN RSA PRIVATE KEY-----\nMIIJKAIBAAKCAgEA0+Y6/5lArddU8eq6ZRyZyTFE/T40RNIywq3O0/1eg9EWWNZb\nM3SOLmDmXk4yK0JHKrueT0g8A5elO/PjvVI20Vtjj2NyLsWQ3u0kWRbmr9ozE9jY\nLw12lTc/SI9+ts2xVY6jeQPFxBWR3kezaaHHEDetO1Fapfft1bfoV7nn4NM6hBdf\n2XZ7k64tno46cvS3ebpHzdWU9gAKAG4ow9bCQV9CnAgy9wujUtWqkAbU18pSjauZ\nzHGBkmkBQ4ROBrWHnp2wkkFhphweFz6iY7DInstCmerUOU2BVYsucMWTn0l/jh6J\nOINKGboB6yl0Uh1mYGssFksPjpp9W8KUA19+ROQEOAKCjpkxm2EdijUkRIjhXX5X\n57QjfOJdaYczf9z/4HXIjA8GyfannyMbNUc9sd/cjc8XvKotPwq9TjI6yyqDLuMn\nMXLyKO2b2StbPPi5oXxam5oYHphI/cQZNbL6OHlox4ADof88mJS3/8BvpGa4sbiv\nefn0hvntt+dIQHlBSIf22gIz41JsAa3NLSRCGeoE01gtqWA4DbcHpBy1w75VV5lc\nPr+7v6oiotlC7yVsKvMudtYxWhF91uqVoU91Ql8BhY1XeLtdCDe2zAcpV5U1TYM5\ndfsIp/oxs2yE8r9hLfxdpOlhmeOCy1ZHzRJ3dvj/vRv9oSJt18M0FA/GGL0CAwEA\nAQKCAgAWqk+xO1FBxwCdB8B8RDzm2lBIzjiFC/7F+BVhc36ClwDO687BiDwVFeRO\nPgr7uZEnLv5V+KICuFvCN+oqO/sFFcNmePqjqho+3hq/NMXkFXDVNKKbFdOTTl+E\ngWTKZOINBr7RmOe0e6Iopn64U8eZIntzFtadXhGghJVjnM0CrVVa/60O869wMndK\nuGfkF+zwJk6745aVYZewSBgwKm6I04mqau4YorQLjjM6SKDHnCqMYMiIp7N2V6j8\n8c/uw8gH3VIfssKhI+zMC7UO+L/czF0JXabpojKtVb/X7CpIJXJxXy7KTrDEY7ME\n1mBM0Dw9H/mNQOYfGMND52Ixois9PVsNST+ppVDfx3cF1v3Rycb5Y+bU2UzD3rsI\ndxcZIfL7F42J+9wxwkGC19+Evi0wQLTwkOnnf1rL9FeS3LDRQmeg4+QK3O7/528o\n+VRt4idc5hEyGMffPHZ0EGXrOc0I1rkeVkHZS62R5m1Xg5nl1IFz5CGwIe6Chxxo\n+pTMSMfsYfAHLKnsOnv3sXjuXPqkKLaWijkZt3Kjmk1+dPmFPjdO+2hcYO2wH9lo\nAKKYXBswUFbaQkTVh7Kskj9f3darfJMQMgIOMtUm01L40PfD0dxYia83WKRUucN/\neAhsqrRF/GbkfQdIoIHNvGlBtA27L3LJcbqtKU+MIccAG1Av+QKCAQEA6Bi/HuI8\nsPW0+PX+4iqGvlrncuqXUFpg70Wk96PqUbjV9B/hkw161VsDzy7pDRMEo4lM5Isg\nJAP6UjlkZr6Gk/seWSXJ1zENRV9S4RQlqYBRCtN3iMYaZJIasW5w521z0BFqBduX\nnfPZvc/Yrf58IhxmllhT9WpEnR7gPRCJYhNg9/F1j/hKOa9uSUIIGhG2zYD+fCdg\n3Z2MZARNR6bZrF2HAGAe2fnbI2jfDGWdXzdEectjIdExjx0+Bh7qtC9Nl2Km4grA\nvPrcWR9sA+5oTiYbmMMepyqFxyrzLSYwKfEAHpbQ1mQH2Z5JD9QjDrlJZ3qBqiZm\n71p2p8QCZ4mJ7wKCAQEA6bj6quno/PU7VpiPaewOAIvAEt5sW9am0HCJ+rltVanA\nR6SqbuS55Vx9L3au6dOsEiNwnZ9eB7iFrvbnqsafefDmjzrueZPLJyN1G7Nvl3yL\nVVTiaCoQUG4MYbIDZjxnCPNDf43yE1IJaXMlpl3SpvJRgPDP2J7W3Ro3BFr2EKva\nfmdek+/AYGFYGx31RqDTLRFC5h3zLmCMGX3evWUEz9kYS5aJLASchvY/A8SF5ev+\nFTVn8zjMPgF9wvDnD0/XTL/tmlh4avFELIfiwPaKt5sMl5KRw3t7TYf77+h8NNjR\ncquNcuX92eP9Hj6PmZDGnTUmPqLmNKgbKTNg0cjkEwKCAQAijdSeZ3Y7rkkEK7OH\nvmcTHfuJS029w8bcuJSn3bp78jXAQ6LUvtQDwaoehVBjBurQ4hcVi3T8h68T4MGG\n3mSw0VkiUpLrO71LD7cKFXLJ+nWWVAde0IeLY4kf015xxgTQ/Fa5iojXFj/bl38d\n4F5gwbOwPHQ7fFe8wKUH0ldxx4rPPx6OkZuTXP/hXjhQkUSS8dpxZ3dvZw5Isa9D\ntJ6Bn+cCck0FjMJIUkuqz9IPI+5I57PZjAiB0wux45ZzvvshR6mqy4kIWZzGk/wD\n1dGnmNrQ8nO01YrXLRjJJv9SrzOiWje7Q2c7yen8tkuF3KYGBuIZD+CRT/mMXo0x\nFvP3AoIBAGFrdiiJiVDvEwW8X4LiHtABcFUtGvOI3E1jq0+zvKwJLpluPJAujIHa\n9F81VCEo1r9UwFsjE3maYzaTuerIEa8tR50KDl7kyLgOooCiYXA+PIGb+Sc76ULt\nLAIIxjv2D2h+pXLkgrOk7UFj+pyG3QgzVt+tAKWlR6AvjiElnQ1D5LXtdlGpjIFf\n8e6TpSoEXSGa4UyzzSpWme8CNTayhbfxIJxZKeIMJgZnW8rBPqKgpG7IrQSHdzKd\nQoNgEJ+kQvS9x1cfa0oAOM9q8IxH93gii7QeJt3ZeYLOnKfaOvN4MI1gjnwG+7G3\nw0i5APgcjXz3q3JOSjBGpdOdk8y9tLsCggEBALS6v1qVQSfvqP7rArb1UZtng5cm\nU2xnobxlzL9DBnzacmdShjfiQ+wlZHYkMMy/q/ejJpU90sAf2/TyKMJcVISGT4NI\n6l4peGwt5H5rMEM+JlwszcknfJiBipjIokoOTQMQViiPbIWw/5aDUKhkDj6QYCjA\noQbEjwBF3BMOQxPwy4Y0PD/B5rR/q+/9nTuf6I7awK6RoflgISVhKW4RabsyCasj\nBZxuqNKVokTLLf1lvvT8H4jhPAAOm8QynYPFWarFkdU76UXlRrlhHUQZ6c9vDoDw\n7qdLInTGQS3G+AMHTvhCj0pJsnyoUqHhkikg7Ah9V8h9IVVEPQI4ViFMd0I=\n-----END RSA PRIVATE KEY-----\n",
            "private_key_pem_pkcs8": "-----BEGIN PRIVATE KEY-----\nMIIJQgIBADANBgkqhkiG9w0BAQEFAASCCSwwggkoAgEAAoICAQDT5jr/mUCt11Tx\n6rplHJnJMUT9PjRE0jLCrc7T/V6D0RZY1lszdI4uYOZeTjIrQkcqu55PSDwDl6U7\n8+O9UjbRW2OPY3IuxZDe7SRZFuav2jMT2NgvDXaVNz9Ij362zbFVjqN5A8XEFZHe\nR7NpoccQN607UVql9+3Vt+hXuefg0zqEF1/ZdnuTri2ejjpy9Ld5ukfN1ZT2AAoA\nbijD1sJBX0KcCDL3C6NS1aqQBtTXylKNq5nMcYGSaQFDhE4GtYeenbCSQWGmHB4X\nPqJjsMiey0KZ6tQ5TYFViy5wxZOfSX+OHok4g0oZugHrKXRSHWZgaywWSw+Omn1b\nwpQDX35E5AQ4AoKOmTGbYR2KNSREiOFdflfntCN84l1phzN/3P/gdciMDwbJ9qef\nIxs1Rz2x39yNzxe8qi0/Cr1OMjrLKoMu4ycxcvIo7ZvZK1s8+LmhfFqbmhgemEj9\nxBk1svo4eWjHgAOh/zyYlLf/wG+kZrixuK95+fSG+e2350hAeUFIh/baAjPjUmwB\nrc0tJEIZ6gTTWC2pYDgNtwekHLXDvlVXmVw+v7u/qiKi2ULvJWwq8y521jFaEX3W\n6pWhT3VCXwGFjVd4u10IN7bMBylXlTVNgzl1+win+jGzbITyv2Et/F2k6WGZ44LL\nVkfNEnd2+P+9G/2hIm3XwzQUD8YYvQIDAQABAoICABaqT7E7UUHHAJ0HwHxEPOba\nUEjOOIUL/sX4FWFzfoKXAM7rzsGIPBUV5E4+Cvu5kScu/lX4ogK4W8I36io7+wUV\nw2Z4+qOqGj7eGr80xeQVcNU0opsV05NOX4SBZMpk4g0GvtGY57R7oiimfrhTx5ki\ne3MW1p1eEaCElWOczQKtVVr/rQ7zr3Ayd0q4Z+QX7PAmTrvjlpVhl7BIGDAqbojT\niapq7hiitAuOMzpIoMecKoxgyIins3ZXqPzxz+7DyAfdUh+ywqEj7MwLtQ74v9zM\nXQldpumiMq1Vv9fsKkglcnFfLspOsMRjswTWYEzQPD0f+Y1A5h8Yw0PnYjGiKz09\nWw1JP6mlUN/HdwXW/dHJxvlj5tTZTMPeuwh3Fxkh8vsXjYn73DHCQYLX34S+LTBA\ntPCQ6ed/Wsv0V5LcsNFCZ6Dj5Arc7v/nbyj5VG3iJ1zmETIYx988dnQQZes5zQjW\nuR5WQdlLrZHmbVeDmeXUgXPkIbAh7oKHHGj6lMxIx+xh8Acsqew6e/exeO5c+qQo\ntpaKORm3cqOaTX50+YU+N077aFxg7bAf2WgAophcGzBQVtpCRNWHsqySP1/d1qt8\nkxAyAg4y1SbTUvjQ98PR3FiJrzdYpFS5w394CGyqtEX8ZuR9B0iggc28aUG0Dbsv\ncslxuq0pT4whxwAbUC/5AoIBAQDoGL8e4jyw9bT49f7iKoa+Wudy6pdQWmDvRaT3\no+pRuNX0H+GTDXrVWwPPLukNEwSjiUzkiyAkA/pSOWRmvoaT+x5ZJcnXMQ1FX1Lh\nFCWpgFEK03eIxhpkkhqxbnDnbXPQEWoF25ed89m9z9it/nwiHGaWWFP1akSdHuA9\nEIliE2D38XWP+Eo5r25JQggaEbbNgP58J2DdnYxkBE1HptmsXYcAYB7Z+dsjaN8M\nZZ1fN0R5y2Mh0TGPHT4GHuq0L02XYqbiCsC8+txZH2wD7mhOJhuYwx6nKoXHKvMt\nJjAp8QAeltDWZAfZnkkP1CMOuUlneoGqJmbvWnanxAJniYnvAoIBAQDpuPqq6ej8\n9TtWmI9p7A4Ai8AS3mxb1qbQcIn6uW1VqcBHpKpu5LnlXH0vdq7p06wSI3Cdn14H\nuIWu9ueqxp958OaPOu55k8snI3Ubs2+XfItVVOJoKhBQbgxhsgNmPGcI80N/jfIT\nUglpcyWmXdKm8lGA8M/YntbdGjcEWvYQq9p+Z16T78BgYVgbHfVGoNMtEULmHfMu\nYIwZfd69ZQTP2RhLloksBJyG9j8DxIXl6/4VNWfzOMw+AX3C8OcPT9dMv+2aWHhq\n8UQsh+LA9oq3mwyXkpHDe3tNh/vv6Hw02NFyq41y5f3Z4/0ePo+ZkMadNSY+ouY0\nqBspM2DRyOQTAoIBACKN1J5ndjuuSQQrs4e+ZxMd+4lLTb3Dxty4lKfdunvyNcBD\notS+1APBqh6FUGMG6tDiFxWLdPyHrxPgwYbeZLDRWSJSkus7vUsPtwoVcsn6dZZU\nB17Qh4tjiR/TXnHGBND8VrmKiNcWP9uXfx3gXmDBs7A8dDt8V7zApQfSV3HHis8/\nHo6Rm5Nc/+FeOFCRRJLx2nFnd29nDkixr0O0noGf5wJyTQWMwkhSS6rP0g8j7kjn\ns9mMCIHTC7HjlnO++yFHqarLiQhZnMaT/APV0aeY2tDyc7TVitctGMkm/1KvM6Ja\nN7tDZzvJ6fy2S4XcpgYG4hkP4JFP+YxejTEW8/cCggEAYWt2KImJUO8TBbxfguIe\n0AFwVS0a84jcTWOrT7O8rAkumW48kC6Mgdr0XzVUISjWv1TAWyMTeZpjNpO56sgR\nry1HnQoOXuTIuA6igKJhcD48gZv5JzvpQu0sAgjGO/YPaH6lcuSCs6TtQWP6nIbd\nCDNW360ApaVHoC+OISWdDUPkte12UamMgV/x7pOlKgRdIZrhTLPNKlaZ7wI1NrKF\nt/EgnFkp4gwmBmdbysE+oqCkbsitBId3Mp1Cg2AQn6RC9L3HVx9rSgA4z2rwjEf3\neCKLtB4m3dl5gs6cp9o683gwjWCOfAb7sbfDSLkA+ByNfPerck5KMEal052TzL20\nuwKCAQEAtLq/WpVBJ++o/usCtvVRm2eDlyZTbGehvGXMv0MGfNpyZ1KGN+JD7CVk\ndiQwzL+r96MmlT3SwB/b9PIowlxUhIZPg0jqXil4bC3kfmswQz4mXCzNySd8mIGK\nmMiiSg5NAxBWKI9shbD/loNQqGQOPpBgKMChBsSPAEXcEw5DE/DLhjQ8P8HmtH+r\n7/2dO5/ojtrArpGh+WAhJWEpbhFpuzIJqyMFnG6o0pWiRMst/WW+9PwfiOE8AA6b\nxDKdg8VZqsWR1TvpReVGuWEdRBnpz28OgPDup0sidMZBLcb4AwdO+EKPSkmyfKhS\noeGSKSDsCH1XyH0hVUQ9AjhWIUx3Qg==\n-----END PRIVATE KEY-----\n",
            "public_key_fingerprint_md5": "61:d8:3b:21:88:12:cc:f8:df:0a:fc:fc:c3:28:cb:f8",
            "public_key_fingerprint_sha256": "SHA256:xoMsSPIRZNkBcCVPYy5dHQ8127lNi7m50idapMLD2L4",
            "public_key_openssh": "ssh-rsa AAAAB3NzaC1yc2EAAAADAQABAAACAQDT5jr/mUCt11Tx6rplHJnJMUT9PjRE0jLCrc7T/V6D0RZY1lszdI4uYOZeTjIrQkcqu55PSDwDl6U78+O9UjbRW2OPY3IuxZDe7SRZFuav2jMT2NgvDXaVNz9Ij362zbFVjqN5A8XEFZHeR7NpoccQN607UVql9+3Vt+hXuefg0zqEF1/ZdnuTri2ejjpy9Ld5ukfN1ZT2AAoAbijD1sJBX0KcCDL3C6NS1aqQBtTXylKNq5nMcYGSaQFDhE4GtYeenbCSQWGmHB4XPqJjsMiey0KZ6tQ5TYFViy5wxZOfSX+OHok4g0oZugHrKXRSHWZgaywWSw+Omn1bwpQDX35E5AQ4AoKOmTGbYR2KNSREiOFdflfntCN84l1phzN/3P/gdciMDwbJ9qefIxs1Rz2x39yNzxe8qi0/Cr1OMjrLKoMu4ycxcvIo7ZvZK1s8+LmhfFqbmhgemEj9xBk1svo4eWjHgAOh/zyYlLf/wG+kZrixuK95+fSG+e2350hAeUFIh/baAjPjUmwBrc0tJEIZ6gTTWC2pYDgNtwekHLXDvlVXmVw+v7u/qiKi2ULvJWwq8y521jFaEX3W6pWhT3VCXwGFjVd4u10IN7bMBylXlTVNgzl1+win+jGzbITyv2Et/F2k6WGZ44LLVkfNEnd2+P+9G/2hIm3XwzQUD8YYvQ==\n",
            "public_key_pem": "-----BEGIN PUBLIC KEY-----\nMIICIjANBgkqhkiG9w0BAQEFAAOCAg8AMIICCgKCAgEA0+Y6/5lArddU8eq6ZRyZ\nyTFE/T40RNIywq3O0/1eg9EWWNZbM3SOLmDmXk4yK0JHKrueT0g8A5elO/PjvVI2\n0Vtjj2NyLsWQ3u0kWRbmr9ozE9jYLw12lTc/SI9+ts2xVY6jeQPFxBWR3kezaaHH\nEDetO1Fapfft1bfoV7nn4NM6hBdf2XZ7k64tno46cvS3ebpHzdWU9gAKAG4ow9bC\nQV9CnAgy9wujUtWqkAbU18pSjauZzHGBkmkBQ4ROBrWHnp2wkkFhphweFz6iY7DI\nnstCmerUOU2BVYsucMWTn0l/jh6JOINKGboB6yl0Uh1mYGssFksPjpp9W8KUA19+\nROQEOAKCjpkxm2EdijUkRIjhXX5X57QjfOJdaYczf9z/4HXIjA8GyfannyMbNUc9\nsd/cjc8XvKotPwq9TjI6yyqDLuMnMXLyKO2b2StbPPi5oXxam5oYHphI/cQZNbL6\nOHlox4ADof88mJS3/8BvpGa4sbivefn0hvntt+dIQHlBSIf22gIz41JsAa3NLSRC\nGeoE01gtqWA4DbcHpBy1w75VV5lcPr+7v6oiotlC7yVsKvMudtYxWhF91uqVoU91\nQl8BhY1XeLtdCDe2zAcpV5U1TYM5dfsIp/oxs2yE8r9hLfxdpOlhmeOCy1ZHzRJ3\ndvj/vRv9oSJt18M0FA/GGL0CAwEAAQ==\n-----END PUBLIC KEY-----\n",
            "rsa_bits": 4096
          },
          "sensitive_attributes": []
        }
      ]
    }
  ],
  "check_results": null
}
