{
  "version": 4,
  "terraform_version": "1.5.7",
  "serial": 4,
  "lineage": "840dbadd-dccf-a5de-5904-b8fa19a3a842",
  "outputs": {
    "vm_ips": {
      "value": [
        "34.77.36.79",
        "34.77.18.220",
        "34.76.226.35"
      ],
      "type": [
        "tuple",
        [
          "string",
          "string",
          "string"
        ]
      ]
    }
  },
  "resources": [
    {
      "mode": "data",
      "type": "google_compute_subnetwork",
      "name": "subnet_eu",
      "provider": "provider[\"registry.terraform.io/hashicorp/google\"]",
      "instances": [
        {
          "schema_version": 0,
          "attributes": {
            "description": "",
            "external_ipv6_prefix": "",
            "gateway_address": "10.10.0.1",
            "id": "projects/avid-phoenix-464816-f4/regions/europe-west1/subnetworks/subnet-europe",
            "internal_ipv6_prefix": "",
            "ip_cidr_range": "10.10.0.0/24",
            "ipv6_access_type": "",
            "name": "subnet-europe",
            "network": "https://www.googleapis.com/compute/v1/projects/avid-phoenix-464816-f4/global/networks/custom-vpc",
            "private_ip_google_access": false,
            "project": "avid-phoenix-464816-f4",
            "region": "europe-west1",
            "secondary_ip_range": [],
            "self_link": "https://www.googleapis.com/compute/v1/projects/avid-phoenix-464816-f4/regions/europe-west1/subnetworks/subnet-europe",
            "stack_type": "IPV4_ONLY",
            "subnetwork_id": 3998322957428151421
          },
          "sensitive_attributes": []
        }
      ]
    },
    {
      "mode": "managed",
      "type": "google_compute_instance",
      "name": "web_vms",
      "provider": "provider[\"registry.terraform.io/hashicorp/google\"]",
      "instances": [
        {
          "index_key": 0,
          "schema_version": 6,
          "attributes": {
            "advanced_machine_features": [],
            "allow_stopping_for_update": null,
            "attached_disk": [],
            "boot_disk": [
              {
                "auto_delete": true,
                "device_name": "persistent-disk-0",
                "disk_encryption_key_raw": "",
                "disk_encryption_key_rsa": "",
                "disk_encryption_key_sha256": "",
                "disk_encryption_service_account": "",
                "force_attach": false,
                "guest_os_features": [
                  "UEFI_COMPATIBLE",
                  "VIRTIO_SCSI_MULTIQUEUE",
                  "GVNIC"
                ],
                "initialize_params": [
                  {
                    "architecture": "X86_64",
                    "enable_confidential_compute": false,
                    "image": "https://www.googleapis.com/compute/v1/projects/debian-cloud/global/images/debian-11-bullseye-v20250610",
                    "labels": {},
                    "provisioned_iops": 0,
                    "provisioned_throughput": 0,
                    "resource_manager_tags": null,
                    "resource_policies": [],
                    "size": 10,
                    "snapshot": "",
                    "source_image_encryption_key": [],
                    "source_snapshot_encryption_key": [],
                    "storage_pool": "",
                    "type": "pd-standard"
                  }
                ],
                "interface": "",
                "kms_key_self_link": "",
                "mode": "READ_WRITE",
                "source": "https://www.googleapis.com/compute/v1/projects/avid-phoenix-464816-f4/zones/europe-west1-b/disks/web-vm-1"
              }
            ],
            "can_ip_forward": false,
            "confidential_instance_config": [],
            "cpu_platform": "Intel Broadwell",
            "creation_timestamp": "2025-07-03T14:26:07.615-07:00",
            "current_status": "RUNNING",
            "deletion_protection": false,
            "description": "",
            "desired_status": null,
            "effective_labels": {
              "goog-terraform-provisioned": "true"
            },
            "enable_display": false,
            "guest_accelerator": [],
            "hostname": "",
            "id": "projects/avid-phoenix-464816-f4/zones/europe-west1-b/instances/web-vm-1",
            "instance_encryption_key": [],
            "instance_id": "853242346438609792",
            "key_revocation_action_type": "",
            "label_fingerprint": "vezUS-42LLM=",
            "labels": null,
            "machine_type": "e2-micro",
            "metadata": {
              "ssh-keys": "debian:ssh-rsa AAAAB3NzaC1yc2EAAAADAQABAAACAQDFGdBRVCrlMUq+ooSPrjhTi9WOT3LzJlAVmYkqXrAI8kqvzHWdFRioBh/tcgf/u6kURTHvC+zcFv8q4GoovUf4aGR9FTGVWNaxKCqBppvxTmddixsNtAEg/t/bNpckoBjmUVH+jOuNlmIbp078XbW4No8NqQffaUR5PIKIAqC04Wp6K7Nv9EIiXlbRKDwyP0RQClKkzJNb3EcO856wYaJCI/RS0DZfD/XxvFVZct1dzScTMK1e8R13m/inQ2Iaqle6V8+E7FkOSrQEDjsFOTNY7WnooAQq0+c/6tfikV+m6jZppVSZLY4LLQS9hRm3LIO5Lc/opGwq8dDtNDnOIWYYkaVYaW2sZRnRz2xR+nfqtXoorzBpuFRIbis7VByv/pyzonsiWlczeF7b8X3FPRK0jKx0PeNoGTPhSRp+5orGHOxRAgZUAQXBymNVJ5VJwN8dinmlvUePZ7tW7Nr4qdtfFRhkGH5fpan5ZWhRssceaICuacCTPHHc9R2vfKM3HBZ3IP2KkAdDIFtd070c2mmKA0dLADhDMoasNyD/671hMOxJystfGga27kAsSG41gHNZBkVy6A/ytvWdan7b1mTqHL3lFgMUbJYm/P3QaNp8CaeyeI0OVuEJkmAAq92EQloXEkGQNuQcb9Cm6daASV7vtVrbESoNFojSYYBNnYLczQ== mohamed@utopios.net\n"
            },
            "metadata_fingerprint": "W_AvZFWOfVU=",
            "metadata_startup_script": "#!/bin/bash\napt-get update\napt-get install -y nginx\nsystemctl start nginx\n",
            "min_cpu_platform": "",
            "name": "web-vm-1",
            "network_interface": [
              {
                "access_config": [
                  {
                    "nat_ip": "34.77.36.79",
                    "network_tier": "PREMIUM",
                    "public_ptr_domain_name": ""
                  }
                ],
                "alias_ip_range": [],
                "internal_ipv6_prefix_length": 0,
                "ipv6_access_config": [],
                "ipv6_access_type": "",
                "ipv6_address": "",
                "name": "nic0",
                "network": "https://www.googleapis.com/compute/v1/projects/avid-phoenix-464816-f4/global/networks/custom-vpc",
                "network_attachment": "",
                "network_ip": "10.10.0.3",
                "nic_type": "",
                "queue_count": 0,
                "stack_type": "IPV4_ONLY",
                "subnetwork": "https://www.googleapis.com/compute/v1/projects/avid-phoenix-464816-f4/regions/europe-west1/subnetworks/subnet-europe",
                "subnetwork_project": "avid-phoenix-464816-f4"
              }
            ],
            "network_performance_config": [],
            "params": [],
            "project": "avid-phoenix-464816-f4",
            "reservation_affinity": [],
            "resource_policies": null,
            "scheduling": [
              {
                "automatic_restart": true,
                "availability_domain": 0,
                "instance_termination_action": "",
                "local_ssd_recovery_timeout": [],
                "max_run_duration": [],
                "min_node_cpus": 0,
                "node_affinities": [],
                "on_host_maintenance": "MIGRATE",
                "on_instance_stop_action": [],
                "preemptible": false,
                "provisioning_model": "STANDARD",
                "termination_time": ""
              }
            ],
            "scratch_disk": [],
            "self_link": "https://www.googleapis.com/compute/v1/projects/avid-phoenix-464816-f4/zones/europe-west1-b/instances/web-vm-1",
            "service_account": [],
            "shielded_instance_config": [
              {
                "enable_integrity_monitoring": true,
                "enable_secure_boot": false,
                "enable_vtpm": true
              }
            ],
            "tags": [
              "http",
              "ssh"
            ],
            "tags_fingerprint": "7XLBdwIeS7E=",
            "terraform_labels": {
              "goog-terraform-provisioned": "true"
            },
            "timeouts": null,
            "zone": "europe-west1-b"
          },
          "sensitive_attributes": [],
          "private": "eyJlMmJmYjczMC1lY2FhLTExZTYtOGY4OC0zNDM2M2JjN2M0YzAiOnsiY3JlYXRlIjoxMjAwMDAwMDAwMDAwLCJkZWxldGUiOjEyMDAwMDAwMDAwMDAsInVwZGF0ZSI6MTIwMDAwMDAwMDAwMH0sInNjaGVtYV92ZXJzaW9uIjoiNiJ9",
          "dependencies": [
            "data.google_compute_subnetwork.subnet_eu"
          ]
        },
        {
          "index_key": 1,
          "schema_version": 6,
          "attributes": {
            "advanced_machine_features": [],
            "allow_stopping_for_update": null,
            "attached_disk": [],
            "boot_disk": [
              {
                "auto_delete": true,
                "device_name": "persistent-disk-0",
                "disk_encryption_key_raw": "",
                "disk_encryption_key_rsa": "",
                "disk_encryption_key_sha256": "",
                "disk_encryption_service_account": "",
                "force_attach": false,
                "guest_os_features": [
                  "UEFI_COMPATIBLE",
                  "VIRTIO_SCSI_MULTIQUEUE",
                  "GVNIC"
                ],
                "initialize_params": [
                  {
                    "architecture": "X86_64",
                    "enable_confidential_compute": false,
                    "image": "https://www.googleapis.com/compute/v1/projects/debian-cloud/global/images/debian-11-bullseye-v20250610",
                    "labels": {},
                    "provisioned_iops": 0,
                    "provisioned_throughput": 0,
                    "resource_manager_tags": null,
                    "resource_policies": [],
                    "size": 10,
                    "snapshot": "",
                    "source_image_encryption_key": [],
                    "source_snapshot_encryption_key": [],
                    "storage_pool": "",
                    "type": "pd-standard"
                  }
                ],
                "interface": "",
                "kms_key_self_link": "",
                "mode": "READ_WRITE",
                "source": "https://www.googleapis.com/compute/v1/projects/avid-phoenix-464816-f4/zones/europe-west1-b/disks/web-vm-2"
              }
            ],
            "can_ip_forward": false,
            "confidential_instance_config": [],
            "cpu_platform": "Intel Broadwell",
            "creation_timestamp": "2025-07-03T14:26:08.116-07:00",
            "current_status": "RUNNING",
            "deletion_protection": false,
            "description": "",
            "desired_status": null,
            "effective_labels": {
              "goog-terraform-provisioned": "true"
            },
            "enable_display": false,
            "guest_accelerator": [],
            "hostname": "",
            "id": "projects/avid-phoenix-464816-f4/zones/europe-west1-b/instances/web-vm-2",
            "instance_encryption_key": [],
            "instance_id": "8148232208361671552",
            "key_revocation_action_type": "",
            "label_fingerprint": "vezUS-42LLM=",
            "labels": null,
            "machine_type": "e2-micro",
            "metadata": {
              "ssh-keys": "debian:ssh-rsa AAAAB3NzaC1yc2EAAAADAQABAAACAQDFGdBRVCrlMUq+ooSPrjhTi9WOT3LzJlAVmYkqXrAI8kqvzHWdFRioBh/tcgf/u6kURTHvC+zcFv8q4GoovUf4aGR9FTGVWNaxKCqBppvxTmddixsNtAEg/t/bNpckoBjmUVH+jOuNlmIbp078XbW4No8NqQffaUR5PIKIAqC04Wp6K7Nv9EIiXlbRKDwyP0RQClKkzJNb3EcO856wYaJCI/RS0DZfD/XxvFVZct1dzScTMK1e8R13m/inQ2Iaqle6V8+E7FkOSrQEDjsFOTNY7WnooAQq0+c/6tfikV+m6jZppVSZLY4LLQS9hRm3LIO5Lc/opGwq8dDtNDnOIWYYkaVYaW2sZRnRz2xR+nfqtXoorzBpuFRIbis7VByv/pyzonsiWlczeF7b8X3FPRK0jKx0PeNoGTPhSRp+5orGHOxRAgZUAQXBymNVJ5VJwN8dinmlvUePZ7tW7Nr4qdtfFRhkGH5fpan5ZWhRssceaICuacCTPHHc9R2vfKM3HBZ3IP2KkAdDIFtd070c2mmKA0dLADhDMoasNyD/671hMOxJystfGga27kAsSG41gHNZBkVy6A/ytvWdan7b1mTqHL3lFgMUbJYm/P3QaNp8CaeyeI0OVuEJkmAAq92EQloXEkGQNuQcb9Cm6daASV7vtVrbESoNFojSYYBNnYLczQ== mohamed@utopios.net\n"
            },
            "metadata_fingerprint": "p_g5dCULtlg=",
            "metadata_startup_script": null,
            "min_cpu_platform": "",
            "name": "web-vm-2",
            "network_interface": [
              {
                "access_config": [
                  {
                    "nat_ip": "34.77.18.220",
                    "network_tier": "PREMIUM",
                    "public_ptr_domain_name": ""
                  }
                ],
                "alias_ip_range": [],
                "internal_ipv6_prefix_length": 0,
                "ipv6_access_config": [],
                "ipv6_access_type": "",
                "ipv6_address": "",
                "name": "nic0",
                "network": "https://www.googleapis.com/compute/v1/projects/avid-phoenix-464816-f4/global/networks/custom-vpc",
                "network_attachment": "",
                "network_ip": "10.10.0.4",
                "nic_type": "",
                "queue_count": 0,
                "stack_type": "IPV4_ONLY",
                "subnetwork": "https://www.googleapis.com/compute/v1/projects/avid-phoenix-464816-f4/regions/europe-west1/subnetworks/subnet-europe",
                "subnetwork_project": "avid-phoenix-464816-f4"
              }
            ],
            "network_performance_config": [],
            "params": [],
            "project": "avid-phoenix-464816-f4",
            "reservation_affinity": [],
            "resource_policies": null,
            "scheduling": [
              {
                "automatic_restart": true,
                "availability_domain": 0,
                "instance_termination_action": "",
                "local_ssd_recovery_timeout": [],
                "max_run_duration": [],
                "min_node_cpus": 0,
                "node_affinities": [],
                "on_host_maintenance": "MIGRATE",
                "on_instance_stop_action": [],
                "preemptible": false,
                "provisioning_model": "STANDARD",
                "termination_time": ""
              }
            ],
            "scratch_disk": [],
            "self_link": "https://www.googleapis.com/compute/v1/projects/avid-phoenix-464816-f4/zones/europe-west1-b/instances/web-vm-2",
            "service_account": [],
            "shielded_instance_config": [
              {
                "enable_integrity_monitoring": true,
                "enable_secure_boot": false,
                "enable_vtpm": true
              }
            ],
            "tags": [
              "http",
              "ssh"
            ],
            "tags_fingerprint": "7XLBdwIeS7E=",
            "terraform_labels": {
              "goog-terraform-provisioned": "true"
            },
            "timeouts": null,
            "zone": "europe-west1-b"
          },
          "sensitive_attributes": [],
          "private": "eyJlMmJmYjczMC1lY2FhLTExZTYtOGY4OC0zNDM2M2JjN2M0YzAiOnsiY3JlYXRlIjoxMjAwMDAwMDAwMDAwLCJkZWxldGUiOjEyMDAwMDAwMDAwMDAsInVwZGF0ZSI6MTIwMDAwMDAwMDAwMH0sInNjaGVtYV92ZXJzaW9uIjoiNiJ9",
          "dependencies": [
            "data.google_compute_subnetwork.subnet_eu"
          ]
        },
        {
          "index_key": 2,
          "schema_version": 6,
          "attributes": {
            "advanced_machine_features": [],
            "allow_stopping_for_update": null,
            "attached_disk": [],
            "boot_disk": [
              {
                "auto_delete": true,
                "device_name": "persistent-disk-0",
                "disk_encryption_key_raw": "",
                "disk_encryption_key_rsa": "",
                "disk_encryption_key_sha256": "",
                "disk_encryption_service_account": "",
                "force_attach": false,
                "guest_os_features": [
                  "UEFI_COMPATIBLE",
                  "VIRTIO_SCSI_MULTIQUEUE",
                  "GVNIC"
                ],
                "initialize_params": [
                  {
                    "architecture": "X86_64",
                    "enable_confidential_compute": false,
                    "image": "https://www.googleapis.com/compute/v1/projects/debian-cloud/global/images/debian-11-bullseye-v20250610",
                    "labels": {},
                    "provisioned_iops": 0,
                    "provisioned_throughput": 0,
                    "resource_manager_tags": null,
                    "resource_policies": [],
                    "size": 10,
                    "snapshot": "",
                    "source_image_encryption_key": [],
                    "source_snapshot_encryption_key": [],
                    "storage_pool": "",
                    "type": "pd-standard"
                  }
                ],
                "interface": "",
                "kms_key_self_link": "",
                "mode": "READ_WRITE",
                "source": "https://www.googleapis.com/compute/v1/projects/avid-phoenix-464816-f4/zones/europe-west1-b/disks/web-vm-3"
              }
            ],
            "can_ip_forward": false,
            "confidential_instance_config": [],
            "cpu_platform": "Intel Broadwell",
            "creation_timestamp": "2025-07-03T14:26:08.664-07:00",
            "current_status": "RUNNING",
            "deletion_protection": false,
            "description": "",
            "desired_status": null,
            "effective_labels": {
              "goog-terraform-provisioned": "true"
            },
            "enable_display": false,
            "guest_accelerator": [],
            "hostname": "",
            "id": "projects/avid-phoenix-464816-f4/zones/europe-west1-b/instances/web-vm-3",
            "instance_encryption_key": [],
            "instance_id": "8634767065725225887",
            "key_revocation_action_type": "",
            "label_fingerprint": "vezUS-42LLM=",
            "labels": null,
            "machine_type": "e2-micro",
            "metadata": {
              "ssh-keys": "debian:ssh-rsa AAAAB3NzaC1yc2EAAAADAQABAAACAQDFGdBRVCrlMUq+ooSPrjhTi9WOT3LzJlAVmYkqXrAI8kqvzHWdFRioBh/tcgf/u6kURTHvC+zcFv8q4GoovUf4aGR9FTGVWNaxKCqBppvxTmddixsNtAEg/t/bNpckoBjmUVH+jOuNlmIbp078XbW4No8NqQffaUR5PIKIAqC04Wp6K7Nv9EIiXlbRKDwyP0RQClKkzJNb3EcO856wYaJCI/RS0DZfD/XxvFVZct1dzScTMK1e8R13m/inQ2Iaqle6V8+E7FkOSrQEDjsFOTNY7WnooAQq0+c/6tfikV+m6jZppVSZLY4LLQS9hRm3LIO5Lc/opGwq8dDtNDnOIWYYkaVYaW2sZRnRz2xR+nfqtXoorzBpuFRIbis7VByv/pyzonsiWlczeF7b8X3FPRK0jKx0PeNoGTPhSRp+5orGHOxRAgZUAQXBymNVJ5VJwN8dinmlvUePZ7tW7Nr4qdtfFRhkGH5fpan5ZWhRssceaICuacCTPHHc9R2vfKM3HBZ3IP2KkAdDIFtd070c2mmKA0dLADhDMoasNyD/671hMOxJystfGga27kAsSG41gHNZBkVy6A/ytvWdan7b1mTqHL3lFgMUbJYm/P3QaNp8CaeyeI0OVuEJkmAAq92EQloXEkGQNuQcb9Cm6daASV7vtVrbESoNFojSYYBNnYLczQ== mohamed@utopios.net\n"
            },
            "metadata_fingerprint": "p_g5dCULtlg=",
            "metadata_startup_script": null,
            "min_cpu_platform": "",
            "name": "web-vm-3",
            "network_interface": [
              {
                "access_config": [
                  {
                    "nat_ip": "34.76.226.35",
                    "network_tier": "PREMIUM",
                    "public_ptr_domain_name": ""
                  }
                ],
                "alias_ip_range": [],
                "internal_ipv6_prefix_length": 0,
                "ipv6_access_config": [],
                "ipv6_access_type": "",
                "ipv6_address": "",
                "name": "nic0",
                "network": "https://www.googleapis.com/compute/v1/projects/avid-phoenix-464816-f4/global/networks/custom-vpc",
                "network_attachment": "",
                "network_ip": "10.10.0.5",
                "nic_type": "",
                "queue_count": 0,
                "stack_type": "IPV4_ONLY",
                "subnetwork": "https://www.googleapis.com/compute/v1/projects/avid-phoenix-464816-f4/regions/europe-west1/subnetworks/subnet-europe",
                "subnetwork_project": "avid-phoenix-464816-f4"
              }
            ],
            "network_performance_config": [],
            "params": [],
            "project": "avid-phoenix-464816-f4",
            "reservation_affinity": [],
            "resource_policies": null,
            "scheduling": [
              {
                "automatic_restart": true,
                "availability_domain": 0,
                "instance_termination_action": "",
                "local_ssd_recovery_timeout": [],
                "max_run_duration": [],
                "min_node_cpus": 0,
                "node_affinities": [],
                "on_host_maintenance": "MIGRATE",
                "on_instance_stop_action": [],
                "preemptible": false,
                "provisioning_model": "STANDARD",
                "termination_time": ""
              }
            ],
            "scratch_disk": [],
            "self_link": "https://www.googleapis.com/compute/v1/projects/avid-phoenix-464816-f4/zones/europe-west1-b/instances/web-vm-3",
            "service_account": [],
            "shielded_instance_config": [
              {
                "enable_integrity_monitoring": true,
                "enable_secure_boot": false,
                "enable_vtpm": true
              }
            ],
            "tags": [
              "http",
              "ssh"
            ],
            "tags_fingerprint": "7XLBdwIeS7E=",
            "terraform_labels": {
              "goog-terraform-provisioned": "true"
            },
            "timeouts": null,
            "zone": "europe-west1-b"
          },
          "sensitive_attributes": [],
          "private": "eyJlMmJmYjczMC1lY2FhLTExZTYtOGY4OC0zNDM2M2JjN2M0YzAiOnsiY3JlYXRlIjoxMjAwMDAwMDAwMDAwLCJkZWxldGUiOjEyMDAwMDAwMDAwMDAsInVwZGF0ZSI6MTIwMDAwMDAwMDAwMH0sInNjaGVtYV92ZXJzaW9uIjoiNiJ9",
          "dependencies": [
            "data.google_compute_subnetwork.subnet_eu"
          ]
        }
      ]
    }
  ],
  "check_results": null
}
